// !$*UTF8*$!
{
	archiveVersion = 1;
	classes = {
	};
	objectVersion = 50;
	objects = {

/* Begin PBXBuildFile section */
		7AEC05502407D61400D11ADF /* AppDelegate.m in Sources */ = {isa = PBXBuildFile; fileRef = 7AEC054F2407D61400D11ADF /* AppDelegate.m */; };
		7AEC05532407D61400D11ADF /* SceneDelegate.m in Sources */ = {isa = PBXBuildFile; fileRef = 7AEC05522407D61400D11ADF /* SceneDelegate.m */; };
		7AEC05562407D61400D11ADF /* ViewController.m in Sources */ = {isa = PBXBuildFile; fileRef = 7AEC05552407D61400D11ADF /* ViewController.m */; };
		7AEC05592407D61400D11ADF /* Main.storyboard in Resources */ = {isa = PBXBuildFile; fileRef = 7AEC05572407D61400D11ADF /* Main.storyboard */; };
		7AEC055B2407D61600D11ADF /* Assets.xcassets in Resources */ = {isa = PBXBuildFile; fileRef = 7AEC055A2407D61600D11ADF /* Assets.xcassets */; };
		7AEC055E2407D61600D11ADF /* LaunchScreen.storyboard in Resources */ = {isa = PBXBuildFile; fileRef = 7AEC055C2407D61600D11ADF /* LaunchScreen.storyboard */; };
		7AEC05612407D61600D11ADF /* main.m in Sources */ = {isa = PBXBuildFile; fileRef = 7AEC05602407D61600D11ADF /* main.m */; };
/* End PBXBuildFile section */

/* Begin PBXFileReference section */
		7AEC054B2407D61400D11ADF /* 002-@synchronized注意点.app */ = {isa = PBXFileReference; explicitFileType = wrapper.application; includeInIndex = 0; path = "002-@synchronized注意点.app"; sourceTree = BUILT_PRODUCTS_DIR; };
		7AEC054E2407D61400D11ADF /* AppDelegate.h */ = {isa = PBXFileReference; lastKnownFileType = sourcecode.c.h; path = AppDelegate.h; sourceTree = "<group>"; };
		7AEC054F2407D61400D11ADF /* AppDelegate.m */ = {isa = PBXFileReference; lastKnownFileType = sourcecode.c.objc; path = AppDelegate.m; sourceTree = "<group>"; };
		7AEC05512407D61400D11ADF /* SceneDelegate.h */ = {isa = PBXFileReference; lastKnownFileType = sourcecode.c.h; path = SceneDelegate.h; sourceTree = "<group>"; };
		7AEC05522407D61400D11ADF /* SceneDelegate.m */ = {isa = PBXFileReference; lastKnownFileType = sourcecode.c.objc; path = SceneDelegate.m; sourceTree = "<group>"; };
		7AEC05542407D61400D11ADF /* ViewController.h */ = {isa = PBXFileReference; lastKnownFileType = sourcecode.c.h; path = ViewController.h; sourceTree = "<group>"; };
		7AEC05552407D61400D11ADF /* ViewController.m */ = {isa = PBXFileReference; lastKnownFileType = sourcecode.c.objc; path = ViewController.m; sourceTree = "<group>"; };
		7AEC05582407D61400D11ADF /* Base */ = {isa = PBXFileReference; lastKnownFileType = file.storyboard; name = Base; path = Base.lproj/Main.storyboard; sourceTree = "<group>"; };
		7AEC055A2407D61600D11ADF /* Assets.xcassets */ = {isa = PBXFileReference; lastKnownFileType = folder.assetcatalog; path = Assets.xcassets; sourceTree = "<group>"; };
		7AEC055D2407D61600D11ADF /* Base */ = {isa = PBXFileReference; lastKnownFileType = file.storyboard; name = Base; path = Base.lproj/LaunchScreen.storyboard; sourceTree = "<group>"; };
		7AEC055F2407D61600D11ADF /* Info.plist */ = {isa = PBXFileReference; lastKnownFileType = text.plist.xml; path = Info.plist; sourceTree = "<group>"; };
		7AEC05602407D61600D11ADF /* main.m */ = {isa = PBXFileReference; lastKnownFileType = sourcecode.c.objc; path = main.m; sourceTree = "<group>"; };
/* End PBXFileReference section */

/* Begin PBXFrameworksBuildPhase section */
		7AEC05482407D61400D11ADF /* Frameworks */ = {
			isa = PBXFrameworksBuildPhase;
			buildActionMask = 2147483647;
			files = (
			);
			runOnlyForDeploymentPostprocessing = 0;
		};
/* End PBXFrameworksBuildPhase section */

/* Begin PBXGroup section */
		7AEC05422407D61400D11ADF = {
			isa = PBXGroup;
			children = (
				7AEC054D2407D61400D11ADF /* 002-@synchronized注意点 */,
				7AEC054C2407D61400D11ADF /* Products */,
			);
			sourceTree = "<group>";
		};
		7AEC054C2407D61400D11ADF /* Products */ = {
			isa = PBXGroup;
			children = (
				7AEC054B2407D61400D11ADF /* 002-@synchronized注意点.app */,
			);
			name = Products;
			sourceTree = "<group>";
		};
		7AEC054D2407D61400D11ADF /* 002-@synchronized注意点 */ = {
			isa = PBXGroup;
			children = (
				7AEC054E2407D61400D11ADF /* AppDelegate.h */,
				7AEC054F2407D61400D11ADF /* AppDelegate.m */,
				7AEC05512407D61400D11ADF /* SceneDelegate.h */,
				7AEC05522407D61400D11ADF /* SceneDelegate.m */,
				7AEC05542407D61400D11ADF /* ViewController.h */,
				7AEC05552407D61400D11ADF /* ViewController.m */,
				7AEC05572407D61400D11ADF /* Main.storyboard */,
				7AEC055A2407D61600D11ADF /* Assets.xcassets */,
				7AEC055C2407D61600D11ADF /* LaunchScreen.storyboard */,
				7AEC055F2407D61600D11ADF /* Info.plist */,
				7AEC05602407D61600D11ADF /* main.m */,
			);
			path = "002-@synchronized注意点";
			sourceTree = "<group>";
		};
/* End PBXGroup section */

/* Begin PBXNativeTarget section */
		7AEC054A2407D61400D11ADF /* 002-@synchronized注意点 */ = {
			isa = PBXNativeTarget;
			buildConfigurationList = 7AEC05642407D61600D11ADF /* Build configuration list for PBXNativeTarget "002-@synchronized注意点" */;
			buildPhases = (
				7AEC05472407D61400D11ADF /* Sources */,
				7AEC05482407D61400D11ADF /* Frameworks */,
				7AEC05492407D61400D11ADF /* Resources */,
			);
			buildRules = (
			);
			dependencies = (
			);
			name = "002-@synchronized注意点";
			productName = "002-@synchronized注意点";
			productReference = 7AEC054B2407D61400D11ADF /* 002-@synchronized注意点.app */;
			productType = "com.apple.product-type.application";
		};
/* End PBXNativeTarget section */

/* Begin PBXProject section */
		7AEC05432407D61400D11ADF /* Project object */ = {
			isa = PBXProject;
			attributes = {
				LastUpgradeCheck = 1120;
				ORGANIZATIONNAME = Cooci;
				TargetAttributes = {
					7AEC054A2407D61400D11ADF = {
						CreatedOnToolsVersion = 11.2.1;
					};
				};
			};
			buildConfigurationList = 7AEC05462407D61400D11ADF /* Build configuration list for PBXProject "002-@synchronized注意点" */;
			compatibilityVersion = "Xcode 9.3";
			developmentRegion = en;
			hasScannedForEncodings = 0;
			knownRegions = (
				en,
				Base,
			);
			mainGroup = 7AEC05422407D61400D11ADF;
			productRefGroup = 7AEC054C2407D61400D11ADF /* Products */;
			projectDirPath = "";
			projectRoot = "";
			targets = (
				7AEC054A2407D61400D11ADF /* 002-@synchronized注意点 */,
			);
		};
/* End PBXProject section */

/* Begin PBXResourcesBuildPhase section */
		7AEC05492407D61400D11ADF /* Resources */ = {
			isa = PBXResourcesBuildPhase;
			buildActionMask = 2147483647;
			files = (
				7AEC055E2407D61600D11ADF /* LaunchScreen.storyboard in Resources */,
				7AEC055B2407D61600D11ADF /* Assets.xcassets in Resources */,
				7AEC05592407D61400D11ADF /* Main.storyboard in Resources */,
			);
			runOnlyForDeploymentPostprocessing = 0;
		};
/* End PBXResourcesBuildPhase section */

/* Begin PBXSourcesBuildPhase section */
		7AEC05472407D61400D11ADF /* Sources */ = {
			isa = PBXSourcesBuildPhase;
			buildActionMask = 2147483647;
			files = (
				7AEC05562407D61400D11ADF /* ViewController.m in Sources */,
				7AEC05502407D61400D11ADF /* AppDelegate.m in Sources */,
				7AEC05612407D61600D11ADF /* main.m in Sources */,
				7AEC05532407D61400D11ADF /* SceneDelegate.m in Sources */,
			);
			runOnlyForDeploymentPostprocessing = 0;
		};
/* End PBXSourcesBuildPhase section */

/* Begin PBXVariantGroup section */
		7AEC05572407D61400D11ADF /* Main.storyboard */ = {
			isa = PBXVariantGroup;
			children = (
				7AEC05582407D61400D11ADF /* Base */,
			);
			name = Main.storyboard;
			sourceTree = "<group>";
		};
		7AEC055C2407D61600D11ADF /* LaunchScreen.storyboard */ = {
			isa = PBXVariantGroup;
			children = (
				7AEC055D2407D61600D11ADF /* Base */,
			);
			name = LaunchScreen.storyboard;
			sourceTree = "<group>";
		};
/* End PBXVariantGroup section */

/* Begin XCBuildConfiguration section */
		7AEC05622407D61600D11ADF /* Debug */ = {
			isa = XCBuildConfiguration;
			buildSettings = {
				ALWAYS_SEARCH_USER_PATHS = NO;
				CLANG_ANALYZER_NONNULL = YES;
				CLANG_ANALYZER_NUMBER_OBJECT_CONVERSION = YES_AGGRESSIVE;
				CLANG_CXX_LANGUAGE_STANDARD = "gnu++14";
				CLANG_CXX_LIBRARY = "libc++";
				CLANG_ENABLE_MODULES = YES;
				CLANG_ENABLE_OBJC_ARC = YES;
				CLANG_ENABLE_OBJC_WEAK = YES;
				CLANG_WARN_BLOCK_CAPTURE_AUTORELEASING = YES;
				CLANG_WARN_BOOL_CONVERSION = YES;
				CLANG_WARN_COMMA = YES;
				CLANG_WARN_CONSTANT_CONVERSION = YES;
				CLANG_WARN_DEPRECATED_OBJC_IMPLEMENTATIONS = YES;
				CLANG_WARN_DIRECT_OBJC_ISA_USAGE = YES_ERROR;
				CLANG_WARN_DOCUMENTATION_COMMENTS = YES;
				CLANG_WARN_EMPTY_BODY = YES;
				CLANG_WARN_ENUM_CONVERSION = YES;
				CLANG_WARN_INFINITE_RECURSION = YES;
				CLANG_WARN_INT_CONVERSION = YES;
				CLANG_WARN_NON_LITERAL_NULL_CONVERSION = YES;
				CLANG_WARN_OBJC_IMPLICIT_RETAIN_SELF = YES;
				CLANG_WARN_OBJC_LITERAL_CONVERSION = YES;
				CLANG_WARN_OBJC_ROOT_CLASS = YES_ERROR;
				CLANG_WARN_RANGE_LOOP_ANALYSIS = YES;
				CLANG_WARN_STRICT_PROTOTYPES = YES;
				CLANG_WARN_SUSPICIOUS_MOVE = YES;
				CLANG_WARN_UNGUARDED_AVAILABILITY = YES_AGGRESSIVE;
				CLANG_WARN_UNREACHABLE_CODE = YES;
				CLANG_WARN__DUPLICATE_METHOD_MATCH = YES;
				COPY_PHASE_STRIP = NO;
				DEBUG_INFORMATION_FORMAT = dwarf;
				ENABLE_STRICT_OBJC_MSGSEND = YES;
				ENABLE_TESTABILITY = YES;
				GCC_C_LANGUAGE_STANDARD = gnu11;
				GCC_DYNAMIC_NO_PIC = NO;
				GCC_NO_COMMON_BLOCKS = YES;
				GCC_OPTIMIZATION_LEVEL = 0;
				GCC_PREPROCESSOR_DEFINITIONS = (
					"DEBUG=1",
					"$(inherited)",
				);
				GCC_WARN_64_TO_32_BIT_CONVERSION = YES;
				GCC_WARN_ABOUT_RETURN_TYPE = YES_ERROR;
				GCC_WARN_UNDECLARED_SELECTOR = YES;
				GCC_WARN_UNINITIALIZED_AUTOS = YES_AGGRESSIVE;
				GCC_WARN_UNUSED_FUNCTION = YES;
				GCC_WARN_UNUSED_VARIABLE = YES;
				IPHONEOS_DEPLOYMENT_TARGET = 13.2;
				MTL_ENABLE_DEBUG_INFO = INCLUDE_SOURCE;
				MTL_FAST_MATH = YES;
				ONLY_ACTIVE_ARCH = YES;
				SDKROOT = iphoneos;
			};
			name = Debug;
		};
		7AEC05632407D61600D11ADF /* Release */ = {
			isa = XCBuildConfiguration;
			buildSettings = {
				ALWAYS_SEARCH_USER_PATHS = NO;
				CLANG_ANALYZER_NONNULL = YES;
				CLANG_ANALYZER_NUMBER_OBJECT_CONVERSION = YES_AGGRESSIVE;
				CLANG_CXX_LANGUAGE_STANDARD = "gnu++14";
				CLANG_CXX_LIBRARY = "libc++";
				CLANG_ENABLE_MODULES = YES;
				CLANG_ENABLE_OBJC_ARC = YES;
				CLANG_ENABLE_OBJC_WEAK = YES;
				CLANG_WARN_BLOCK_CAPTURE_AUTORELEASING = YES;
				CLANG_WARN_BOOL_CONVERSION = YES;
				CLANG_WARN_COMMA = YES;
				CLANG_WARN_CONSTANT_CONVERSION = YES;
				CLANG_WARN_DEPRECATED_OBJC_IMPLEMENTATIONS = YES;
				CLANG_WARN_DIRECT_OBJC_ISA_USAGE = YES_ERROR;
				CLANG_WARN_DOCUMENTATION_COMMENTS = YES;
				CLANG_WARN_EMPTY_BODY = YES;
				CLANG_WARN_ENUM_CONVERSION = YES;
				CLANG_WARN_INFINITE_RECURSION = YES;
				CLANG_WARN_INT_CONVERSION = YES;
				CLANG_WARN_NON_LITERAL_NULL_CONVERSION = YES;
				CLANG_WARN_OBJC_IMPLICIT_RETAIN_SELF = YES;
				CLANG_WARN_OBJC_LITERAL_CONVERSION = YES;
				CLANG_WARN_OBJC_ROOT_CLASS = YES_ERROR;
				CLANG_WARN_RANGE_LOOP_ANALYSIS = YES;
				CLANG_WARN_STRICT_PROTOTYPES = YES;
				CLANG_WARN_SUSPICIOUS_MOVE = YES;
				CLANG_WARN_UNGUARDED_AVAILABILITY = YES_AGGRESSIVE;
				CLANG_WARN_UNREACHABLE_CODE = YES;
				CLANG_WARN__DUPLICATE_METHOD_MATCH = YES;
				COPY_PHASE_STRIP = NO;
				DEBUG_INFORMATION_FORMAT = "dwarf-with-dsym";
				ENABLE_NS_ASSERTIONS = NO;
				ENABLE_STRICT_OBJC_MSGSEND = YES;
				GCC_C_LANGUAGE_STANDARD = gnu11;
				GCC_NO_COMMON_BLOCKS = YES;
				GCC_WARN_64_TO_32_BIT_CONVERSION = YES;
				GCC_WARN_ABOUT_RETURN_TYPE = YES_ERROR;
				GCC_WARN_UNDECLARED_SELECTOR = YES;
				GCC_WARN_UNINITIALIZED_AUTOS = YES_AGGRESSIVE;
				GCC_WARN_UNUSED_FUNCTION = YES;
				GCC_WARN_UNUSED_VARIABLE = YES;
				IPHONEOS_DEPLOYMENT_TARGET = 13.2;
				MTL_ENABLE_DEBUG_INFO = NO;
				MTL_FAST_MATH = YES;
				SDKROOT = iphoneos;
				VALIDATE_PRODUCT = YES;
			};
			name = Release;
		};
		7AEC05652407D61600D11ADF /* Debug */ = {
			isa = XCBuildConfiguration;
			buildSettings = {
				ASSETCATALOG_COMPILER_APPICON_NAME = AppIcon;
				CODE_SIGN_STYLE = Automatic;
				DEVELOPMENT_TEAM = FS4WTRXKF8;
				INFOPLIST_FILE = "002-@synchronized注意点/Info.plist";
				IPHONEOS_DEPLOYMENT_TARGET = 9.1;
				LD_RUNPATH_SEARCH_PATHS = (
					"$(inherited)",
					"@executable_path/Frameworks",
				);
				PRODUCT_BUNDLE_IDENTIFIER = com.lgcooci.dsadsa;
				PRODUCT_NAME = "$(TARGET_NAME)";
				TARGETED_DEVICE_FAMILY = "1,2";
			};
			name = Debug;
		};
		7AEC05662407D61600D11ADF /* Release */ = {
			isa = XCBuildConfiguration;
			buildSettings = {
				ASSETCATALOG_COMPILER_APPICON_NAME = AppIcon;
				CODE_SIGN_STYLE = Automatic;
				DEVELOPMENT_TEAM = FS4WTRXKF8;
				INFOPLIST_FILE = "002-@synchronized注意点/Info.plist";
				IPHONEOS_DEPLOYMENT_TARGET = 9.1;
				LD_RUNPATH_SEARCH_PATHS = (
					"$(inherited)",
					"@executable_path/Frameworks",
				);
				PRODUCT_BUNDLE_IDENTIFIER = com.lgcooci.dsadsa;
				PRODUCT_NAME = "$(TARGET_NAME)";
				TARGETED_DEVICE_FAMILY = "1,2";
			};
			name = Release;
		};
/* End XCBuildConfiguration section */

/* Begin XCConfigurationList section */
		7AEC05462407D61400D11ADF /* Build configuration list for PBXProject "002-@synchronized注意点" */ = {
			isa = XCConfigurationList;
			buildConfigurations = (
				7AEC05622407D61600D11ADF /* Debug */,
				7AEC05632407D61600D11ADF /* Release */,
			);
			defaultConfigurationIsVisible = 0;
			defaultConfigurationName = Release;
		};
		7AEC05642407D61600D11ADF /* Build configuration list for PBXNativeTarget "002-@synchronized注意点" */ = {
			isa = XCConfigurationList;
			buildConfigurations = (
				7AEC05652407D61600D11ADF /* Debug */,
				7AEC05662407D61600D11ADF /* Release */,
			);
			defaultConfigurationIsVisible = 0;
			defaultConfigurationName = Release;
		};
/* End XCConfigurationList section */
	};
	rootObject = 7AEC05432407D61400D11ADF /* Project object */;
}
