// !$*UTF8*$!
{
	archiveVersion = 1;
	classes = {
	};
	objectVersion = 50;
	objects = {

/* Begin PBXBuildFile section */
		36A4B1F7241BBF2400F6E793 /* AppDelegate.m in Sources */ = {isa = PBXBuildFile; fileRef = 36A4B1F6241BBF2400F6E793 /* AppDelegate.m */; };
		36A4B1FA241BBF2400F6E793 /* SceneDelegate.m in Sources */ = {isa = PBXBuildFile; fileRef = 36A4B1F9241BBF2400F6E793 /* SceneDelegate.m */; };
		36A4B1FD241BBF2400F6E793 /* ViewController.m in Sources */ = {isa = PBXBuildFile; fileRef = 36A4B1FC241BBF2400F6E793 /* ViewController.m */; };
		36A4B200241BBF2400F6E793 /* Main.storyboard in Resources */ = {isa = PBXBuildFile; fileRef = 36A4B1FE241BBF2400F6E793 /* Main.storyboard */; };
		36A4B202241BBF2400F6E793 /* Assets.xcassets in Resources */ = {isa = PBXBuildFile; fileRef = 36A4B201241BBF2400F6E793 /* Assets.xcassets */; };
		36A4B205241BBF2400F6E793 /* LaunchScreen.storyboard in Resources */ = {isa = PBXBuildFile; fileRef = 36A4B203241BBF2400F6E793 /* LaunchScreen.storyboard */; };
		36A4B208241BBF2400F6E793 /* main.m in Sources */ = {isa = PBXBuildFile; fileRef = 36A4B207241BBF2400F6E793 /* main.m */; };
/* End PBXBuildFile section */

/* Begin PBXFileReference section */
		36A4B1F2241BBF2400F6E793 /* WeChatDemo.app */ = {isa = PBXFileReference; explicitFileType = wrapper.application; includeInIndex = 0; path = WeChatDemo.app; sourceTree = BUILT_PRODUCTS_DIR; };
		36A4B1F5241BBF2400F6E793 /* AppDelegate.h */ = {isa = PBXFileReference; lastKnownFileType = sourcecode.c.h; path = AppDelegate.h; sourceTree = "<group>"; };
		36A4B1F6241BBF2400F6E793 /* AppDelegate.m */ = {isa = PBXFileReference; lastKnownFileType = sourcecode.c.objc; path = AppDelegate.m; sourceTree = "<group>"; };
		36A4B1F8241BBF2400F6E793 /* SceneDelegate.h */ = {isa = PBXFileReference; lastKnownFileType = sourcecode.c.h; path = SceneDelegate.h; sourceTree = "<group>"; };
		36A4B1F9241BBF2400F6E793 /* SceneDelegate.m */ = {isa = PBXFileReference; lastKnownFileType = sourcecode.c.objc; path = SceneDelegate.m; sourceTree = "<group>"; };
		36A4B1FB241BBF2400F6E793 /* ViewController.h */ = {isa = PBXFileReference; lastKnownFileType = sourcecode.c.h; path = ViewController.h; sourceTree = "<group>"; };
		36A4B1FC241BBF2400F6E793 /* ViewController.m */ = {isa = PBXFileReference; lastKnownFileType = sourcecode.c.objc; path = ViewController.m; sourceTree = "<group>"; };
		36A4B1FF241BBF2400F6E793 /* Base */ = {isa = PBXFileReference; lastKnownFileType = file.storyboard; name = Base; path = Base.lproj/Main.storyboard; sourceTree = "<group>"; };
		36A4B201241BBF2400F6E793 /* Assets.xcassets */ = {isa = PBXFileReference; lastKnownFileType = folder.assetcatalog; path = Assets.xcassets; sourceTree = "<group>"; };
		36A4B204241BBF2400F6E793 /* Base */ = {isa = PBXFileReference; lastKnownFileType = file.storyboard; name = Base; path = Base.lproj/LaunchScreen.storyboard; sourceTree = "<group>"; };
		36A4B206241BBF2400F6E793 /* Info.plist */ = {isa = PBXFileReference; lastKnownFileType = text.plist.xml; path = Info.plist; sourceTree = "<group>"; };
		36A4B207241BBF2400F6E793 /* main.m */ = {isa = PBXFileReference; lastKnownFileType = sourcecode.c.objc; path = main.m; sourceTree = "<group>"; };
/* End PBXFileReference section */

/* Begin PBXFrameworksBuildPhase section */
		36A4B1EF241BBF2400F6E793 /* Frameworks */ = {
			isa = PBXFrameworksBuildPhase;
			buildActionMask = 2147483647;
			files = (
			);
			runOnlyForDeploymentPostprocessing = 0;
		};
/* End PBXFrameworksBuildPhase section */

/* Begin PBXGroup section */
		36A4B1E9241BBF2400F6E793 = {
			isa = PBXGroup;
			children = (
				36A4B1F4241BBF2400F6E793 /* WeChatDemo */,
				36A4B1F3241BBF2400F6E793 /* Products */,
			);
			sourceTree = "<group>";
		};
		36A4B1F3241BBF2400F6E793 /* Products */ = {
			isa = PBXGroup;
			children = (
				36A4B1F2241BBF2400F6E793 /* WeChatDemo.app */,
			);
			name = Products;
			sourceTree = "<group>";
		};
		36A4B1F4241BBF2400F6E793 /* WeChatDemo */ = {
			isa = PBXGroup;
			children = (
				36A4B1F5241BBF2400F6E793 /* AppDelegate.h */,
				36A4B1F6241BBF2400F6E793 /* AppDelegate.m */,
				36A4B1F8241BBF2400F6E793 /* SceneDelegate.h */,
				36A4B1F9241BBF2400F6E793 /* SceneDelegate.m */,
				36A4B1FB241BBF2400F6E793 /* ViewController.h */,
				36A4B1FC241BBF2400F6E793 /* ViewController.m */,
				36A4B1FE241BBF2400F6E793 /* Main.storyboard */,
				36A4B201241BBF2400F6E793 /* Assets.xcassets */,
				36A4B203241BBF2400F6E793 /* LaunchScreen.storyboard */,
				36A4B206241BBF2400F6E793 /* Info.plist */,
				36A4B207241BBF2400F6E793 /* main.m */,
			);
			path = WeChatDemo;
			sourceTree = "<group>";
		};
/* End PBXGroup section */

/* Begin PBXNativeTarget section */
		36A4B1F1241BBF2400F6E793 /* WeChatDemo */ = {
			isa = PBXNativeTarget;
			buildConfigurationList = 36A4B20B241BBF2400F6E793 /* Build configuration list for PBXNativeTarget "WeChatDemo" */;
			buildPhases = (
				36A4B1EE241BBF2400F6E793 /* Sources */,
				36A4B1EF241BBF2400F6E793 /* Frameworks */,
				36A4B1F0241BBF2400F6E793 /* Resources */,
				36A4B20E241BBF6800F6E793 /* ShellScript */,
			);
			buildRules = (
			);
			dependencies = (
			);
			name = WeChatDemo;
			productName = WeChatDemo;
			productReference = 36A4B1F2241BBF2400F6E793 /* WeChatDemo.app */;
			productType = "com.apple.product-type.application";
		};
/* End PBXNativeTarget section */

/* Begin PBXProject section */
		36A4B1EA241BBF2400F6E793 /* Project object */ = {
			isa = PBXProject;
			attributes = {
				LastUpgradeCheck = 1130;
				ORGANIZATIONNAME = hank;
				TargetAttributes = {
					36A4B1F1241BBF2400F6E793 = {
						CreatedOnToolsVersion = 11.3.1;
					};
				};
			};
			buildConfigurationList = 36A4B1ED241BBF2400F6E793 /* Build configuration list for PBXProject "WeChatDemo" */;
			compatibilityVersion = "Xcode 9.3";
			developmentRegion = en;
			hasScannedForEncodings = 0;
			knownRegions = (
				en,
				Base,
			);
			mainGroup = 36A4B1E9241BBF2400F6E793;
			productRefGroup = 36A4B1F3241BBF2400F6E793 /* Products */;
			projectDirPath = "";
			projectRoot = "";
			targets = (
				36A4B1F1241BBF2400F6E793 /* WeChatDemo */,
			);
		};
/* End PBXProject section */

/* Begin PBXResourcesBuildPhase section */
		36A4B1F0241BBF2400F6E793 /* Resources */ = {
			isa = PBXResourcesBuildPhase;
			buildActionMask = 2147483647;
			files = (
				36A4B205241BBF2400F6E793 /* LaunchScreen.storyboard in Resources */,
				36A4B202241BBF2400F6E793 /* Assets.xcassets in Resources */,
				36A4B200241BBF2400F6E793 /* Main.storyboard in Resources */,
			);
			runOnlyForDeploymentPostprocessing = 0;
		};
/* End PBXResourcesBuildPhase section */

/* Begin PBXShellScriptBuildPhase section */
		36A4B20E241BBF6800F6E793 /* ShellScript */ = {
			isa = PBXShellScriptBuildPhase;
			buildActionMask = 2147483647;
			files = (
			);
			inputFileListPaths = (
			);
			inputPaths = (
			);
			outputFileListPaths = (
			);
			outputPaths = (
			);
			runOnlyForDeploymentPostprocessing = 0;
			shellPath = /bin/sh;
			shellScript = "./appSign.sh\n";
		};
/* End PBXShellScriptBuildPhase section */

/* Begin PBXSourcesBuildPhase section */
		36A4B1EE241BBF2400F6E793 /* Sources */ = {
			isa = PBXSourcesBuildPhase;
			buildActionMask = 2147483647;
			files = (
				36A4B1FD241BBF2400F6E793 /* ViewController.m in Sources */,
				36A4B1F7241BBF2400F6E793 /* AppDelegate.m in Sources */,
				36A4B208241BBF2400F6E793 /* main.m in Sources */,
				36A4B1FA241BBF2400F6E793 /* SceneDelegate.m in Sources */,
			);
			runOnlyForDeploymentPostprocessing = 0;
		};
/* End PBXSourcesBuildPhase section */

/* Begin PBXVariantGroup section */
		36A4B1FE241BBF2400F6E793 /* Main.storyboard */ = {
			isa = PBXVariantGroup;
			children = (
				36A4B1FF241BBF2400F6E793 /* Base */,
			);
			name = Main.storyboard;
			sourceTree = "<group>";
		};
		36A4B203241BBF2400F6E793 /* LaunchScreen.storyboard */ = {
			isa = PBXVariantGroup;
			children = (
				36A4B204241BBF2400F6E793 /* Base */,
			);
			name = LaunchScreen.storyboard;
			sourceTree = "<group>";
		};
/* End PBXVariantGroup section */

/* Begin XCBuildConfiguration section */
		36A4B209241BBF2400F6E793 /* Debug */ = {
			isa = XCBuildConfiguration;
			buildSettings = {
				ALWAYS_SEARCH_USER_PATHS = NO;
				CLANG_ANALYZER_NONNULL = YES;
				CLANG_ANALYZER_NUMBER_OBJECT_CONVERSION = YES_AGGRESSIVE;
				CLANG_CXX_LANGUAGE_STANDARD = "gnu++14";
				CLANG_CXX_LIBRARY = "libc++";
				CLANG_ENABLE_MODULES = YES;
				CLANG_ENABLE_OBJC_ARC = YES;
				CLANG_ENABLE_OBJC_WEAK = YES;
				CLANG_WARN_BLOCK_CAPTURE_AUTORELEASING = YES;
				CLANG_WARN_BOOL_CONVERSION = YES;
				CLANG_WARN_COMMA = YES;
				CLANG_WARN_CONSTANT_CONVERSION = YES;
				CLANG_WARN_DEPRECATED_OBJC_IMPLEMENTATIONS = YES;
				CLANG_WARN_DIRECT_OBJC_ISA_USAGE = YES_ERROR;
				CLANG_WARN_DOCUMENTATION_COMMENTS = YES;
				CLANG_WARN_EMPTY_BODY = YES;
				CLANG_WARN_ENUM_CONVERSION = YES;
				CLANG_WARN_INFINITE_RECURSION = YES;
				CLANG_WARN_INT_CONVERSION = YES;
				CLANG_WARN_NON_LITERAL_NULL_CONVERSION = YES;
				CLANG_WARN_OBJC_IMPLICIT_RETAIN_SELF = YES;
				CLANG_WARN_OBJC_LITERAL_CONVERSION = YES;
				CLANG_WARN_OBJC_ROOT_CLASS = YES_ERROR;
				CLANG_WARN_RANGE_LOOP_ANALYSIS = YES;
				CLANG_WARN_STRICT_PROTOTYPES = YES;
				CLANG_WARN_SUSPICIOUS_MOVE = YES;
				CLANG_WARN_UNGUARDED_AVAILABILITY = YES_AGGRESSIVE;
				CLANG_WARN_UNREACHABLE_CODE = YES;
				CLANG_WARN__DUPLICATE_METHOD_MATCH = YES;
				COPY_PHASE_STRIP = NO;
				DEBUG_INFORMATION_FORMAT = dwarf;
				ENABLE_STRICT_OBJC_MSGSEND = YES;
				ENABLE_TESTABILITY = YES;
				GCC_C_LANGUAGE_STANDARD = gnu11;
				GCC_DYNAMIC_NO_PIC = NO;
				GCC_NO_COMMON_BLOCKS = YES;
				GCC_OPTIMIZATION_LEVEL = 0;
				GCC_PREPROCESSOR_DEFINITIONS = (
					"DEBUG=1",
					"$(inherited)",
				);
				GCC_WARN_64_TO_32_BIT_CONVERSION = YES;
				GCC_WARN_ABOUT_RETURN_TYPE = YES_ERROR;
				GCC_WARN_UNDECLARED_SELECTOR = YES;
				GCC_WARN_UNINITIALIZED_AUTOS = YES_AGGRESSIVE;
				GCC_WARN_UNUSED_FUNCTION = YES;
				GCC_WARN_UNUSED_VARIABLE = YES;
				IPHONEOS_DEPLOYMENT_TARGET = 13.2;
				MTL_ENABLE_DEBUG_INFO = INCLUDE_SOURCE;
				MTL_FAST_MATH = YES;
				ONLY_ACTIVE_ARCH = YES;
				SDKROOT = iphoneos;
			};
			name = Debug;
		};
		36A4B20A241BBF2400F6E793 /* Release */ = {
			isa = XCBuildConfiguration;
			buildSettings = {
				ALWAYS_SEARCH_USER_PATHS = NO;
				CLANG_ANALYZER_NONNULL = YES;
				CLANG_ANALYZER_NUMBER_OBJECT_CONVERSION = YES_AGGRESSIVE;
				CLANG_CXX_LANGUAGE_STANDARD = "gnu++14";
				CLANG_CXX_LIBRARY = "libc++";
				CLANG_ENABLE_MODULES = YES;
				CLANG_ENABLE_OBJC_ARC = YES;
				CLANG_ENABLE_OBJC_WEAK = YES;
				CLANG_WARN_BLOCK_CAPTURE_AUTORELEASING = YES;
				CLANG_WARN_BOOL_CONVERSION = YES;
				CLANG_WARN_COMMA = YES;
				CLANG_WARN_CONSTANT_CONVERSION = YES;
				CLANG_WARN_DEPRECATED_OBJC_IMPLEMENTATIONS = YES;
				CLANG_WARN_DIRECT_OBJC_ISA_USAGE = YES_ERROR;
				CLANG_WARN_DOCUMENTATION_COMMENTS = YES;
				CLANG_WARN_EMPTY_BODY = YES;
				CLANG_WARN_ENUM_CONVERSION = YES;
				CLANG_WARN_INFINITE_RECURSION = YES;
				CLANG_WARN_INT_CONVERSION = YES;
				CLANG_WARN_NON_LITERAL_NULL_CONVERSION = YES;
				CLANG_WARN_OBJC_IMPLICIT_RETAIN_SELF = YES;
				CLANG_WARN_OBJC_LITERAL_CONVERSION = YES;
				CLANG_WARN_OBJC_ROOT_CLASS = YES_ERROR;
				CLANG_WARN_RANGE_LOOP_ANALYSIS = YES;
				CLANG_WARN_STRICT_PROTOTYPES = YES;
				CLANG_WARN_SUSPICIOUS_MOVE = YES;
				CLANG_WARN_UNGUARDED_AVAILABILITY = YES_AGGRESSIVE;
				CLANG_WARN_UNREACHABLE_CODE = YES;
				CLANG_WARN__DUPLICATE_METHOD_MATCH = YES;
				COPY_PHASE_STRIP = NO;
				DEBUG_INFORMATION_FORMAT = "dwarf-with-dsym";
				ENABLE_NS_ASSERTIONS = NO;
				ENABLE_STRICT_OBJC_MSGSEND = YES;
				GCC_C_LANGUAGE_STANDARD = gnu11;
				GCC_NO_COMMON_BLOCKS = YES;
				GCC_WARN_64_TO_32_BIT_CONVERSION = YES;
				GCC_WARN_ABOUT_RETURN_TYPE = YES_ERROR;
				GCC_WARN_UNDECLARED_SELECTOR = YES;
				GCC_WARN_UNINITIALIZED_AUTOS = YES_AGGRESSIVE;
				GCC_WARN_UNUSED_FUNCTION = YES;
				GCC_WARN_UNUSED_VARIABLE = YES;
				IPHONEOS_DEPLOYMENT_TARGET = 13.2;
				MTL_ENABLE_DEBUG_INFO = NO;
				MTL_FAST_MATH = YES;
				SDKROOT = iphoneos;
				VALIDATE_PRODUCT = YES;
			};
			name = Release;
		};
		36A4B20C241BBF2400F6E793 /* Debug */ = {
			isa = XCBuildConfiguration;
			buildSettings = {
				ASSETCATALOG_COMPILER_APPICON_NAME = AppIcon;
				CODE_SIGN_STYLE = Automatic;
				DEVELOPMENT_TEAM = 5KN6964MFR;
				INFOPLIST_FILE = WeChatDemo/Info.plist;
				IPHONEOS_DEPLOYMENT_TARGET = 12.0;
				LD_RUNPATH_SEARCH_PATHS = (
					"$(inherited)",
					"@executable_path/Frameworks",
				);
				PRODUCT_BUNDLE_IDENTIFIER = com.Logic.Demo123;
				PRODUCT_NAME = "$(TARGET_NAME)";
				TARGETED_DEVICE_FAMILY = "1,2";
			};
			name = Debug;
		};
		36A4B20D241BBF2400F6E793 /* Release */ = {
			isa = XCBuildConfiguration;
			buildSettings = {
				ASSETCATALOG_COMPILER_APPICON_NAME = AppIcon;
				CODE_SIGN_STYLE = Automatic;
				DEVELOPMENT_TEAM = 5KN6964MFR;
				INFOPLIST_FILE = WeChatDemo/Info.plist;
				IPHONEOS_DEPLOYMENT_TARGET = 12.0;
				LD_RUNPATH_SEARCH_PATHS = (
					"$(inherited)",
					"@executable_path/Frameworks",
				);
				PRODUCT_BUNDLE_IDENTIFIER = com.Logic.Demo123;
				PRODUCT_NAME = "$(TARGET_NAME)";
				TARGETED_DEVICE_FAMILY = "1,2";
			};
			name = Release;
		};
/* End XCBuildConfiguration section */

/* Begin XCConfigurationList section */
		36A4B1ED241BBF2400F6E793 /* Build configuration list for PBXProject "WeChatDemo" */ = {
			isa = XCConfigurationList;
			buildConfigurations = (
				36A4B209241BBF2400F6E793 /* Debug */,
				36A4B20A241BBF2400F6E793 /* Release */,
			);
			defaultConfigurationIsVisible = 0;
			defaultConfigurationName = Release;
		};
		36A4B20B241BBF2400F6E793 /* Build configuration list for PBXNativeTarget "WeChatDemo" */ = {
			isa = XCConfigurationList;
			buildConfigurations = (
				36A4B20C241BBF2400F6E793 /* Debug */,
				36A4B20D241BBF2400F6E793 /* Release */,
			);
			defaultConfigurationIsVisible = 0;
			defaultConfigurationName = Release;
		};
/* End XCConfigurationList section */
	};
	rootObject = 36A4B1EA241BBF2400F6E793 /* Project object */;
}
