// !$*UTF8*$!
{
	archiveVersion = 1;
	classes = {
	};
	objectVersion = 50;
	objects = {

/* Begin PBXBuildFile section */
		7AE76B16213572DF00CEF45E /* AppDelegate.m in Sources */ = {isa = PBXBuildFile; fileRef = 7AE76B15213572DF00CEF45E /* AppDelegate.m */; };
		7AE76B19213572DF00CEF45E /* ViewController.m in Sources */ = {isa = PBXBuildFile; fileRef = 7AE76B18213572DF00CEF45E /* ViewController.m */; };
		7AE76B1C213572DF00CEF45E /* Main.storyboard in Resources */ = {isa = PBXBuildFile; fileRef = 7AE76B1A213572DF00CEF45E /* Main.storyboard */; };
		7AE76B1E213572E700CEF45E /* Assets.xcassets in Resources */ = {isa = PBXBuildFile; fileRef = 7AE76B1D213572E700CEF45E /* Assets.xcassets */; };
		7AE76B21213572E700CEF45E /* LaunchScreen.storyboard in Resources */ = {isa = PBXBuildFile; fileRef = 7AE76B1F213572E700CEF45E /* LaunchScreen.storyboard */; };
		7AE76B24213572E700CEF45E /* main.m in Sources */ = {isa = PBXBuildFile; fileRef = 7AE76B23213572E700CEF45E /* main.m */; };
/* End PBXBuildFile section */

/* Begin PBXFileReference section */
		7AE76B11213572DF00CEF45E /* 007---Dispatch_source.app */ = {isa = PBXFileReference; explicitFileType = wrapper.application; includeInIndex = 0; path = "007---Dispatch_source.app"; sourceTree = BUILT_PRODUCTS_DIR; };
		7AE76B14213572DF00CEF45E /* AppDelegate.h */ = {isa = PBXFileReference; lastKnownFileType = sourcecode.c.h; path = AppDelegate.h; sourceTree = "<group>"; };
		7AE76B15213572DF00CEF45E /* AppDelegate.m */ = {isa = PBXFileReference; lastKnownFileType = sourcecode.c.objc; path = AppDelegate.m; sourceTree = "<group>"; };
		7AE76B17213572DF00CEF45E /* ViewController.h */ = {isa = PBXFileReference; lastKnownFileType = sourcecode.c.h; path = ViewController.h; sourceTree = "<group>"; };
		7AE76B18213572DF00CEF45E /* ViewController.m */ = {isa = PBXFileReference; lastKnownFileType = sourcecode.c.objc; path = ViewController.m; sourceTree = "<group>"; };
		7AE76B1B213572DF00CEF45E /* Base */ = {isa = PBXFileReference; lastKnownFileType = file.storyboard; name = Base; path = Base.lproj/Main.storyboard; sourceTree = "<group>"; };
		7AE76B1D213572E700CEF45E /* Assets.xcassets */ = {isa = PBXFileReference; lastKnownFileType = folder.assetcatalog; path = Assets.xcassets; sourceTree = "<group>"; };
		7AE76B20213572E700CEF45E /* Base */ = {isa = PBXFileReference; lastKnownFileType = file.storyboard; name = Base; path = Base.lproj/LaunchScreen.storyboard; sourceTree = "<group>"; };
		7AE76B22213572E700CEF45E /* Info.plist */ = {isa = PBXFileReference; lastKnownFileType = text.plist.xml; path = Info.plist; sourceTree = "<group>"; };
		7AE76B23213572E700CEF45E /* main.m */ = {isa = PBXFileReference; lastKnownFileType = sourcecode.c.objc; path = main.m; sourceTree = "<group>"; };
/* End PBXFileReference section */

/* Begin PBXFrameworksBuildPhase section */
		7AE76B0E213572DF00CEF45E /* Frameworks */ = {
			isa = PBXFrameworksBuildPhase;
			buildActionMask = 2147483647;
			files = (
			);
			runOnlyForDeploymentPostprocessing = 0;
		};
/* End PBXFrameworksBuildPhase section */

/* Begin PBXGroup section */
		7AE76B08213572DE00CEF45E = {
			isa = PBXGroup;
			children = (
				7AE76B13213572DF00CEF45E /* 007---Dispatch_source */,
				7AE76B12213572DF00CEF45E /* Products */,
			);
			sourceTree = "<group>";
		};
		7AE76B12213572DF00CEF45E /* Products */ = {
			isa = PBXGroup;
			children = (
				7AE76B11213572DF00CEF45E /* 007---Dispatch_source.app */,
			);
			name = Products;
			sourceTree = "<group>";
		};
		7AE76B13213572DF00CEF45E /* 007---Dispatch_source */ = {
			isa = PBXGroup;
			children = (
				7AE76B14213572DF00CEF45E /* AppDelegate.h */,
				7AE76B15213572DF00CEF45E /* AppDelegate.m */,
				7AE76B17213572DF00CEF45E /* ViewController.h */,
				7AE76B18213572DF00CEF45E /* ViewController.m */,
				7AE76B1A213572DF00CEF45E /* Main.storyboard */,
				7AE76B1D213572E700CEF45E /* Assets.xcassets */,
				7AE76B1F213572E700CEF45E /* LaunchScreen.storyboard */,
				7AE76B22213572E700CEF45E /* Info.plist */,
				7AE76B23213572E700CEF45E /* main.m */,
			);
			path = "007---Dispatch_source";
			sourceTree = "<group>";
		};
/* End PBXGroup section */

/* Begin PBXNativeTarget section */
		7AE76B10213572DF00CEF45E /* 007---Dispatch_source */ = {
			isa = PBXNativeTarget;
			buildConfigurationList = 7AE76B27213572E700CEF45E /* Build configuration list for PBXNativeTarget "007---Dispatch_source" */;
			buildPhases = (
				7AE76B0D213572DF00CEF45E /* Sources */,
				7AE76B0E213572DF00CEF45E /* Frameworks */,
				7AE76B0F213572DF00CEF45E /* Resources */,
			);
			buildRules = (
			);
			dependencies = (
			);
			name = "007---Dispatch_source";
			productName = "007---Dispatch_source";
			productReference = 7AE76B11213572DF00CEF45E /* 007---Dispatch_source.app */;
			productType = "com.apple.product-type.application";
		};
/* End PBXNativeTarget section */

/* Begin PBXProject section */
		7AE76B09213572DE00CEF45E /* Project object */ = {
			isa = PBXProject;
			attributes = {
				LastUpgradeCheck = 0940;
				ORGANIZATIONNAME = Cooci;
				TargetAttributes = {
					7AE76B10213572DF00CEF45E = {
						CreatedOnToolsVersion = 9.4.1;
					};
				};
			};
			buildConfigurationList = 7AE76B0C213572DE00CEF45E /* Build configuration list for PBXProject "007---Dispatch_source" */;
			compatibilityVersion = "Xcode 9.3";
			developmentRegion = en;
			hasScannedForEncodings = 0;
			knownRegions = (
				en,
				Base,
			);
			mainGroup = 7AE76B08213572DE00CEF45E;
			productRefGroup = 7AE76B12213572DF00CEF45E /* Products */;
			projectDirPath = "";
			projectRoot = "";
			targets = (
				7AE76B10213572DF00CEF45E /* 007---Dispatch_source */,
			);
		};
/* End PBXProject section */

/* Begin PBXResourcesBuildPhase section */
		7AE76B0F213572DF00CEF45E /* Resources */ = {
			isa = PBXResourcesBuildPhase;
			buildActionMask = 2147483647;
			files = (
				7AE76B21213572E700CEF45E /* LaunchScreen.storyboard in Resources */,
				7AE76B1E213572E700CEF45E /* Assets.xcassets in Resources */,
				7AE76B1C213572DF00CEF45E /* Main.storyboard in Resources */,
			);
			runOnlyForDeploymentPostprocessing = 0;
		};
/* End PBXResourcesBuildPhase section */

/* Begin PBXSourcesBuildPhase section */
		7AE76B0D213572DF00CEF45E /* Sources */ = {
			isa = PBXSourcesBuildPhase;
			buildActionMask = 2147483647;
			files = (
				7AE76B19213572DF00CEF45E /* ViewController.m in Sources */,
				7AE76B24213572E700CEF45E /* main.m in Sources */,
				7AE76B16213572DF00CEF45E /* AppDelegate.m in Sources */,
			);
			runOnlyForDeploymentPostprocessing = 0;
		};
/* End PBXSourcesBuildPhase section */

/* Begin PBXVariantGroup section */
		7AE76B1A213572DF00CEF45E /* Main.storyboard */ = {
			isa = PBXVariantGroup;
			children = (
				7AE76B1B213572DF00CEF45E /* Base */,
			);
			name = Main.storyboard;
			sourceTree = "<group>";
		};
		7AE76B1F213572E700CEF45E /* LaunchScreen.storyboard */ = {
			isa = PBXVariantGroup;
			children = (
				7AE76B20213572E700CEF45E /* Base */,
			);
			name = LaunchScreen.storyboard;
			sourceTree = "<group>";
		};
/* End PBXVariantGroup section */

/* Begin XCBuildConfiguration section */
		7AE76B25213572E700CEF45E /* Debug */ = {
			isa = XCBuildConfiguration;
			buildSettings = {
				ALWAYS_SEARCH_USER_PATHS = NO;
				CLANG_ANALYZER_NONNULL = YES;
				CLANG_ANALYZER_NUMBER_OBJECT_CONVERSION = YES_AGGRESSIVE;
				CLANG_CXX_LANGUAGE_STANDARD = "gnu++14";
				CLANG_CXX_LIBRARY = "libc++";
				CLANG_ENABLE_MODULES = YES;
				CLANG_ENABLE_OBJC_ARC = YES;
				CLANG_ENABLE_OBJC_WEAK = YES;
				CLANG_WARN_BLOCK_CAPTURE_AUTORELEASING = YES;
				CLANG_WARN_BOOL_CONVERSION = YES;
				CLANG_WARN_COMMA = YES;
				CLANG_WARN_CONSTANT_CONVERSION = YES;
				CLANG_WARN_DEPRECATED_OBJC_IMPLEMENTATIONS = YES;
				CLANG_WARN_DIRECT_OBJC_ISA_USAGE = YES_ERROR;
				CLANG_WARN_DOCUMENTATION_COMMENTS = YES;
				CLANG_WARN_EMPTY_BODY = YES;
				CLANG_WARN_ENUM_CONVERSION = YES;
				CLANG_WARN_INFINITE_RECURSION = YES;
				CLANG_WARN_INT_CONVERSION = YES;
				CLANG_WARN_NON_LITERAL_NULL_CONVERSION = YES;
				CLANG_WARN_OBJC_IMPLICIT_RETAIN_SELF = YES;
				CLANG_WARN_OBJC_LITERAL_CONVERSION = YES;
				CLANG_WARN_OBJC_ROOT_CLASS = YES_ERROR;
				CLANG_WARN_RANGE_LOOP_ANALYSIS = YES;
				CLANG_WARN_STRICT_PROTOTYPES = YES;
				CLANG_WARN_SUSPICIOUS_MOVE = YES;
				CLANG_WARN_UNGUARDED_AVAILABILITY = YES_AGGRESSIVE;
				CLANG_WARN_UNREACHABLE_CODE = YES;
				CLANG_WARN__DUPLICATE_METHOD_MATCH = YES;
				CODE_SIGN_IDENTITY = "iPhone Developer";
				COPY_PHASE_STRIP = NO;
				DEBUG_INFORMATION_FORMAT = dwarf;
				ENABLE_STRICT_OBJC_MSGSEND = YES;
				ENABLE_TESTABILITY = YES;
				GCC_C_LANGUAGE_STANDARD = gnu11;
				GCC_DYNAMIC_NO_PIC = NO;
				GCC_NO_COMMON_BLOCKS = YES;
				GCC_OPTIMIZATION_LEVEL = 0;
				GCC_PREPROCESSOR_DEFINITIONS = (
					"DEBUG=1",
					"$(inherited)",
				);
				GCC_WARN_64_TO_32_BIT_CONVERSION = YES;
				GCC_WARN_ABOUT_RETURN_TYPE = YES_ERROR;
				GCC_WARN_UNDECLARED_SELECTOR = YES;
				GCC_WARN_UNINITIALIZED_AUTOS = YES_AGGRESSIVE;
				GCC_WARN_UNUSED_FUNCTION = YES;
				GCC_WARN_UNUSED_VARIABLE = YES;
				IPHONEOS_DEPLOYMENT_TARGET = 11.4;
				MTL_ENABLE_DEBUG_INFO = YES;
				ONLY_ACTIVE_ARCH = YES;
				SDKROOT = iphoneos;
			};
			name = Debug;
		};
		7AE76B26213572E700CEF45E /* Release */ = {
			isa = XCBuildConfiguration;
			buildSettings = {
				ALWAYS_SEARCH_USER_PATHS = NO;
				CLANG_ANALYZER_NONNULL = YES;
				CLANG_ANALYZER_NUMBER_OBJECT_CONVERSION = YES_AGGRESSIVE;
				CLANG_CXX_LANGUAGE_STANDARD = "gnu++14";
				CLANG_CXX_LIBRARY = "libc++";
				CLANG_ENABLE_MODULES = YES;
				CLANG_ENABLE_OBJC_ARC = YES;
				CLANG_ENABLE_OBJC_WEAK = YES;
				CLANG_WARN_BLOCK_CAPTURE_AUTORELEASING = YES;
				CLANG_WARN_BOOL_CONVERSION = YES;
				CLANG_WARN_COMMA = YES;
				CLANG_WARN_CONSTANT_CONVERSION = YES;
				CLANG_WARN_DEPRECATED_OBJC_IMPLEMENTATIONS = YES;
				CLANG_WARN_DIRECT_OBJC_ISA_USAGE = YES_ERROR;
				CLANG_WARN_DOCUMENTATION_COMMENTS = YES;
				CLANG_WARN_EMPTY_BODY = YES;
				CLANG_WARN_ENUM_CONVERSION = YES;
				CLANG_WARN_INFINITE_RECURSION = YES;
				CLANG_WARN_INT_CONVERSION = YES;
				CLANG_WARN_NON_LITERAL_NULL_CONVERSION = YES;
				CLANG_WARN_OBJC_IMPLICIT_RETAIN_SELF = YES;
				CLANG_WARN_OBJC_LITERAL_CONVERSION = YES;
				CLANG_WARN_OBJC_ROOT_CLASS = YES_ERROR;
				CLANG_WARN_RANGE_LOOP_ANALYSIS = YES;
				CLANG_WARN_STRICT_PROTOTYPES = YES;
				CLANG_WARN_SUSPICIOUS_MOVE = YES;
				CLANG_WARN_UNGUARDED_AVAILABILITY = YES_AGGRESSIVE;
				CLANG_WARN_UNREACHABLE_CODE = YES;
				CLANG_WARN__DUPLICATE_METHOD_MATCH = YES;
				CODE_SIGN_IDENTITY = "iPhone Developer";
				COPY_PHASE_STRIP = NO;
				DEBUG_INFORMATION_FORMAT = "dwarf-with-dsym";
				ENABLE_NS_ASSERTIONS = NO;
				ENABLE_STRICT_OBJC_MSGSEND = YES;
				GCC_C_LANGUAGE_STANDARD = gnu11;
				GCC_NO_COMMON_BLOCKS = YES;
				GCC_WARN_64_TO_32_BIT_CONVERSION = YES;
				GCC_WARN_ABOUT_RETURN_TYPE = YES_ERROR;
				GCC_WARN_UNDECLARED_SELECTOR = YES;
				GCC_WARN_UNINITIALIZED_AUTOS = YES_AGGRESSIVE;
				GCC_WARN_UNUSED_FUNCTION = YES;
				GCC_WARN_UNUSED_VARIABLE = YES;
				IPHONEOS_DEPLOYMENT_TARGET = 11.4;
				MTL_ENABLE_DEBUG_INFO = NO;
				SDKROOT = iphoneos;
				VALIDATE_PRODUCT = YES;
			};
			name = Release;
		};
		7AE76B28213572E700CEF45E /* Debug */ = {
			isa = XCBuildConfiguration;
			buildSettings = {
				ASSETCATALOG_COMPILER_APPICON_NAME = AppIcon;
				CODE_SIGN_STYLE = Automatic;
				DEVELOPMENT_TEAM = U5LAHK8PW6;
				INFOPLIST_FILE = "007---Dispatch_source/Info.plist";
				LD_RUNPATH_SEARCH_PATHS = (
					"$(inherited)",
					"@executable_path/Frameworks",
				);
				PRODUCT_BUNDLE_IDENTIFIER = "com.tz.cn.-07---Dispatch-source";
				PRODUCT_NAME = "$(TARGET_NAME)";
				TARGETED_DEVICE_FAMILY = "1,2";
			};
			name = Debug;
		};
		7AE76B29213572E700CEF45E /* Release */ = {
			isa = XCBuildConfiguration;
			buildSettings = {
				ASSETCATALOG_COMPILER_APPICON_NAME = AppIcon;
				CODE_SIGN_STYLE = Automatic;
				DEVELOPMENT_TEAM = U5LAHK8PW6;
				INFOPLIST_FILE = "007---Dispatch_source/Info.plist";
				LD_RUNPATH_SEARCH_PATHS = (
					"$(inherited)",
					"@executable_path/Frameworks",
				);
				PRODUCT_BUNDLE_IDENTIFIER = "com.tz.cn.-07---Dispatch-source";
				PRODUCT_NAME = "$(TARGET_NAME)";
				TARGETED_DEVICE_FAMILY = "1,2";
			};
			name = Release;
		};
/* End XCBuildConfiguration section */

/* Begin XCConfigurationList section */
		7AE76B0C213572DE00CEF45E /* Build configuration list for PBXProject "007---Dispatch_source" */ = {
			isa = XCConfigurationList;
			buildConfigurations = (
				7AE76B25213572E700CEF45E /* Debug */,
				7AE76B26213572E700CEF45E /* Release */,
			);
			defaultConfigurationIsVisible = 0;
			defaultConfigurationName = Release;
		};
		7AE76B27213572E700CEF45E /* Build configuration list for PBXNativeTarget "007---Dispatch_source" */ = {
			isa = XCConfigurationList;
			buildConfigurations = (
				7AE76B28213572E700CEF45E /* Debug */,
				7AE76B29213572E700CEF45E /* Release */,
			);
			defaultConfigurationIsVisible = 0;
			defaultConfigurationName = Release;
		};
/* End XCConfigurationList section */
	};
	rootObject = 7AE76B09213572DE00CEF45E /* Project object */;
}
