// !$*UTF8*$!
{
	archiveVersion = 1;
	classes = {
	};
	objectVersion = 50;
	objects = {

/* Begin PBXBuildFile section */
		D6B938E524AB58ED00B617A9 /* AppDelegate.m in Sources */ = {isa = PBXBuildFile; fileRef = D6B938E424AB58ED00B617A9 /* AppDelegate.m */; };
		D6B938E824AB58ED00B617A9 /* ViewController.m in Sources */ = {isa = PBXBuildFile; fileRef = D6B938E724AB58ED00B617A9 /* ViewController.m */; };
		D6B938EB24AB58ED00B617A9 /* Main.storyboard in Resources */ = {isa = PBXBuildFile; fileRef = D6B938E924AB58ED00B617A9 /* Main.storyboard */; };
		D6B938ED24AB58EF00B617A9 /* Assets.xcassets in Resources */ = {isa = PBXBuildFile; fileRef = D6B938EC24AB58EF00B617A9 /* Assets.xcassets */; };
		D6B938F024AB58EF00B617A9 /* LaunchScreen.storyboard in Resources */ = {isa = PBXBuildFile; fileRef = D6B938EE24AB58EF00B617A9 /* LaunchScreen.storyboard */; };
		D6B938F324AB58EF00B617A9 /* main.m in Sources */ = {isa = PBXBuildFile; fileRef = D6B938F224AB58EF00B617A9 /* main.m */; };
		D6B938FD24AB58EF00B617A9 /* _01__offscreenRenderingTests.m in Sources */ = {isa = PBXBuildFile; fileRef = D6B938FC24AB58EF00B617A9 /* _01__offscreenRenderingTests.m */; };
		D6B9390824AB58EF00B617A9 /* _01__offscreenRenderingUITests.m in Sources */ = {isa = PBXBuildFile; fileRef = D6B9390724AB58EF00B617A9 /* _01__offscreenRenderingUITests.m */; };
		D6B9391624AB5D0800B617A9 /* btn.png in Resources */ = {isa = PBXBuildFile; fileRef = D6B9391524AB5D0800B617A9 /* btn.png */; };
/* End PBXBuildFile section */

/* Begin PBXContainerItemProxy section */
		D6B938F924AB58EF00B617A9 /* PBXContainerItemProxy */ = {
			isa = PBXContainerItemProxy;
			containerPortal = D6B938D824AB58EC00B617A9 /* Project object */;
			proxyType = 1;
			remoteGlobalIDString = D6B938DF24AB58ED00B617A9;
			remoteInfo = "001--offscreenRendering";
		};
		D6B9390424AB58EF00B617A9 /* PBXContainerItemProxy */ = {
			isa = PBXContainerItemProxy;
			containerPortal = D6B938D824AB58EC00B617A9 /* Project object */;
			proxyType = 1;
			remoteGlobalIDString = D6B938DF24AB58ED00B617A9;
			remoteInfo = "001--offscreenRendering";
		};
/* End PBXContainerItemProxy section */

/* Begin PBXFileReference section */
		D6B938E024AB58ED00B617A9 /* 001--offscreenRendering.app */ = {isa = PBXFileReference; explicitFileType = wrapper.application; includeInIndex = 0; path = "001--offscreenRendering.app"; sourceTree = BUILT_PRODUCTS_DIR; };
		D6B938E324AB58ED00B617A9 /* AppDelegate.h */ = {isa = PBXFileReference; lastKnownFileType = sourcecode.c.h; path = AppDelegate.h; sourceTree = "<group>"; };
		D6B938E424AB58ED00B617A9 /* AppDelegate.m */ = {isa = PBXFileReference; lastKnownFileType = sourcecode.c.objc; path = AppDelegate.m; sourceTree = "<group>"; };
		D6B938E624AB58ED00B617A9 /* ViewController.h */ = {isa = PBXFileReference; lastKnownFileType = sourcecode.c.h; path = ViewController.h; sourceTree = "<group>"; };
		D6B938E724AB58ED00B617A9 /* ViewController.m */ = {isa = PBXFileReference; lastKnownFileType = sourcecode.c.objc; path = ViewController.m; sourceTree = "<group>"; };
		D6B938EA24AB58ED00B617A9 /* Base */ = {isa = PBXFileReference; lastKnownFileType = file.storyboard; name = Base; path = Base.lproj/Main.storyboard; sourceTree = "<group>"; };
		D6B938EC24AB58EF00B617A9 /* Assets.xcassets */ = {isa = PBXFileReference; lastKnownFileType = folder.assetcatalog; path = Assets.xcassets; sourceTree = "<group>"; };
		D6B938EF24AB58EF00B617A9 /* Base */ = {isa = PBXFileReference; lastKnownFileType = file.storyboard; name = Base; path = Base.lproj/LaunchScreen.storyboard; sourceTree = "<group>"; };
		D6B938F124AB58EF00B617A9 /* Info.plist */ = {isa = PBXFileReference; lastKnownFileType = text.plist.xml; path = Info.plist; sourceTree = "<group>"; };
		D6B938F224AB58EF00B617A9 /* main.m */ = {isa = PBXFileReference; lastKnownFileType = sourcecode.c.objc; path = main.m; sourceTree = "<group>"; };
		D6B938F824AB58EF00B617A9 /* 001--offscreenRenderingTests.xctest */ = {isa = PBXFileReference; explicitFileType = wrapper.cfbundle; includeInIndex = 0; path = "001--offscreenRenderingTests.xctest"; sourceTree = BUILT_PRODUCTS_DIR; };
		D6B938FC24AB58EF00B617A9 /* _01__offscreenRenderingTests.m */ = {isa = PBXFileReference; lastKnownFileType = sourcecode.c.objc; path = _01__offscreenRenderingTests.m; sourceTree = "<group>"; };
		D6B938FE24AB58EF00B617A9 /* Info.plist */ = {isa = PBXFileReference; lastKnownFileType = text.plist.xml; path = Info.plist; sourceTree = "<group>"; };
		D6B9390324AB58EF00B617A9 /* 001--offscreenRenderingUITests.xctest */ = {isa = PBXFileReference; explicitFileType = wrapper.cfbundle; includeInIndex = 0; path = "001--offscreenRenderingUITests.xctest"; sourceTree = BUILT_PRODUCTS_DIR; };
		D6B9390724AB58EF00B617A9 /* _01__offscreenRenderingUITests.m */ = {isa = PBXFileReference; lastKnownFileType = sourcecode.c.objc; path = _01__offscreenRenderingUITests.m; sourceTree = "<group>"; };
		D6B9390924AB58EF00B617A9 /* Info.plist */ = {isa = PBXFileReference; lastKnownFileType = text.plist.xml; path = Info.plist; sourceTree = "<group>"; };
		D6B9391524AB5D0800B617A9 /* btn.png */ = {isa = PBXFileReference; lastKnownFileType = image.png; path = btn.png; sourceTree = "<group>"; };
/* End PBXFileReference section */

/* Begin PBXFrameworksBuildPhase section */
		D6B938DD24AB58ED00B617A9 /* Frameworks */ = {
			isa = PBXFrameworksBuildPhase;
			buildActionMask = 2147483647;
			files = (
			);
			runOnlyForDeploymentPostprocessing = 0;
		};
		D6B938F524AB58EF00B617A9 /* Frameworks */ = {
			isa = PBXFrameworksBuildPhase;
			buildActionMask = 2147483647;
			files = (
			);
			runOnlyForDeploymentPostprocessing = 0;
		};
		D6B9390024AB58EF00B617A9 /* Frameworks */ = {
			isa = PBXFrameworksBuildPhase;
			buildActionMask = 2147483647;
			files = (
			);
			runOnlyForDeploymentPostprocessing = 0;
		};
/* End PBXFrameworksBuildPhase section */

/* Begin PBXGroup section */
		D6B938D724AB58EC00B617A9 = {
			isa = PBXGroup;
			children = (
				D6B938E224AB58ED00B617A9 /* 001--offscreenRendering */,
				D6B938FB24AB58EF00B617A9 /* 001--offscreenRenderingTests */,
				D6B9390624AB58EF00B617A9 /* 001--offscreenRenderingUITests */,
				D6B938E124AB58ED00B617A9 /* Products */,
			);
			sourceTree = "<group>";
		};
		D6B938E124AB58ED00B617A9 /* Products */ = {
			isa = PBXGroup;
			children = (
				D6B938E024AB58ED00B617A9 /* 001--offscreenRendering.app */,
				D6B938F824AB58EF00B617A9 /* 001--offscreenRenderingTests.xctest */,
				D6B9390324AB58EF00B617A9 /* 001--offscreenRenderingUITests.xctest */,
			);
			name = Products;
			sourceTree = "<group>";
		};
		D6B938E224AB58ED00B617A9 /* 001--offscreenRendering */ = {
			isa = PBXGroup;
			children = (
				D6B938E324AB58ED00B617A9 /* AppDelegate.h */,
				D6B938E424AB58ED00B617A9 /* AppDelegate.m */,
				D6B938E624AB58ED00B617A9 /* ViewController.h */,
				D6B938E724AB58ED00B617A9 /* ViewController.m */,
				D6B938E924AB58ED00B617A9 /* Main.storyboard */,
				D6B9391524AB5D0800B617A9 /* btn.png */,
				D6B938EC24AB58EF00B617A9 /* Assets.xcassets */,
				D6B938EE24AB58EF00B617A9 /* LaunchScreen.storyboard */,
				D6B938F124AB58EF00B617A9 /* Info.plist */,
				D6B938F224AB58EF00B617A9 /* main.m */,
			);
			path = "001--offscreenRendering";
			sourceTree = "<group>";
		};
		D6B938FB24AB58EF00B617A9 /* 001--offscreenRenderingTests */ = {
			isa = PBXGroup;
			children = (
				D6B938FC24AB58EF00B617A9 /* _01__offscreenRenderingTests.m */,
				D6B938FE24AB58EF00B617A9 /* Info.plist */,
			);
			path = "001--offscreenRenderingTests";
			sourceTree = "<group>";
		};
		D6B9390624AB58EF00B617A9 /* 001--offscreenRenderingUITests */ = {
			isa = PBXGroup;
			children = (
				D6B9390724AB58EF00B617A9 /* _01__offscreenRenderingUITests.m */,
				D6B9390924AB58EF00B617A9 /* Info.plist */,
			);
			path = "001--offscreenRenderingUITests";
			sourceTree = "<group>";
		};
/* End PBXGroup section */

/* Begin PBXNativeTarget section */
		D6B938DF24AB58ED00B617A9 /* 001--offscreenRendering */ = {
			isa = PBXNativeTarget;
			buildConfigurationList = D6B9390C24AB58EF00B617A9 /* Build configuration list for PBXNativeTarget "001--offscreenRendering" */;
			buildPhases = (
				D6B938DC24AB58ED00B617A9 /* Sources */,
				D6B938DD24AB58ED00B617A9 /* Frameworks */,
				D6B938DE24AB58ED00B617A9 /* Resources */,
			);
			buildRules = (
			);
			dependencies = (
			);
			name = "001--offscreenRendering";
			productName = "001--offscreenRendering";
			productReference = D6B938E024AB58ED00B617A9 /* 001--offscreenRendering.app */;
			productType = "com.apple.product-type.application";
		};
		D6B938F724AB58EF00B617A9 /* 001--offscreenRenderingTests */ = {
			isa = PBXNativeTarget;
			buildConfigurationList = D6B9390F24AB58EF00B617A9 /* Build configuration list for PBXNativeTarget "001--offscreenRenderingTests" */;
			buildPhases = (
				D6B938F424AB58EF00B617A9 /* Sources */,
				D6B938F524AB58EF00B617A9 /* Frameworks */,
				D6B938F624AB58EF00B617A9 /* Resources */,
			);
			buildRules = (
			);
			dependencies = (
				D6B938FA24AB58EF00B617A9 /* PBXTargetDependency */,
			);
			name = "001--offscreenRenderingTests";
			productName = "001--offscreenRenderingTests";
			productReference = D6B938F824AB58EF00B617A9 /* 001--offscreenRenderingTests.xctest */;
			productType = "com.apple.product-type.bundle.unit-test";
		};
		D6B9390224AB58EF00B617A9 /* 001--offscreenRenderingUITests */ = {
			isa = PBXNativeTarget;
			buildConfigurationList = D6B9391224AB58EF00B617A9 /* Build configuration list for PBXNativeTarget "001--offscreenRenderingUITests" */;
			buildPhases = (
				D6B938FF24AB58EF00B617A9 /* Sources */,
				D6B9390024AB58EF00B617A9 /* Frameworks */,
				D6B9390124AB58EF00B617A9 /* Resources */,
			);
			buildRules = (
			);
			dependencies = (
				D6B9390524AB58EF00B617A9 /* PBXTargetDependency */,
			);
			name = "001--offscreenRenderingUITests";
			productName = "001--offscreenRenderingUITests";
			productReference = D6B9390324AB58EF00B617A9 /* 001--offscreenRenderingUITests.xctest */;
			productType = "com.apple.product-type.bundle.ui-testing";
		};
/* End PBXNativeTarget section */

/* Begin PBXProject section */
		D6B938D824AB58EC00B617A9 /* Project object */ = {
			isa = PBXProject;
			attributes = {
				LastUpgradeCheck = 0940;
				ORGANIZATIONNAME = "CC老师";
				TargetAttributes = {
					D6B938DF24AB58ED00B617A9 = {
						CreatedOnToolsVersion = 9.4;
					};
					D6B938F724AB58EF00B617A9 = {
						CreatedOnToolsVersion = 9.4;
						TestTargetID = D6B938DF24AB58ED00B617A9;
					};
					D6B9390224AB58EF00B617A9 = {
						CreatedOnToolsVersion = 9.4;
						TestTargetID = D6B938DF24AB58ED00B617A9;
					};
				};
			};
			buildConfigurationList = D6B938DB24AB58EC00B617A9 /* Build configuration list for PBXProject "001--offscreenRendering" */;
			compatibilityVersion = "Xcode 9.3";
			developmentRegion = en;
			hasScannedForEncodings = 0;
			knownRegions = (
				en,
				Base,
			);
			mainGroup = D6B938D724AB58EC00B617A9;
			productRefGroup = D6B938E124AB58ED00B617A9 /* Products */;
			projectDirPath = "";
			projectRoot = "";
			targets = (
				D6B938DF24AB58ED00B617A9 /* 001--offscreenRendering */,
				D6B938F724AB58EF00B617A9 /* 001--offscreenRenderingTests */,
				D6B9390224AB58EF00B617A9 /* 001--offscreenRenderingUITests */,
			);
		};
/* End PBXProject section */

/* Begin PBXResourcesBuildPhase section */
		D6B938DE24AB58ED00B617A9 /* Resources */ = {
			isa = PBXResourcesBuildPhase;
			buildActionMask = 2147483647;
			files = (
				D6B938F024AB58EF00B617A9 /* LaunchScreen.storyboard in Resources */,
				D6B938ED24AB58EF00B617A9 /* Assets.xcassets in Resources */,
				D6B9391624AB5D0800B617A9 /* btn.png in Resources */,
				D6B938EB24AB58ED00B617A9 /* Main.storyboard in Resources */,
			);
			runOnlyForDeploymentPostprocessing = 0;
		};
		D6B938F624AB58EF00B617A9 /* Resources */ = {
			isa = PBXResourcesBuildPhase;
			buildActionMask = 2147483647;
			files = (
			);
			runOnlyForDeploymentPostprocessing = 0;
		};
		D6B9390124AB58EF00B617A9 /* Resources */ = {
			isa = PBXResourcesBuildPhase;
			buildActionMask = 2147483647;
			files = (
			);
			runOnlyForDeploymentPostprocessing = 0;
		};
/* End PBXResourcesBuildPhase section */

/* Begin PBXSourcesBuildPhase section */
		D6B938DC24AB58ED00B617A9 /* Sources */ = {
			isa = PBXSourcesBuildPhase;
			buildActionMask = 2147483647;
			files = (
				D6B938E824AB58ED00B617A9 /* ViewController.m in Sources */,
				D6B938F324AB58EF00B617A9 /* main.m in Sources */,
				D6B938E524AB58ED00B617A9 /* AppDelegate.m in Sources */,
			);
			runOnlyForDeploymentPostprocessing = 0;
		};
		D6B938F424AB58EF00B617A9 /* Sources */ = {
			isa = PBXSourcesBuildPhase;
			buildActionMask = 2147483647;
			files = (
				D6B938FD24AB58EF00B617A9 /* _01__offscreenRenderingTests.m in Sources */,
			);
			runOnlyForDeploymentPostprocessing = 0;
		};
		D6B938FF24AB58EF00B617A9 /* Sources */ = {
			isa = PBXSourcesBuildPhase;
			buildActionMask = 2147483647;
			files = (
				D6B9390824AB58EF00B617A9 /* _01__offscreenRenderingUITests.m in Sources */,
			);
			runOnlyForDeploymentPostprocessing = 0;
		};
/* End PBXSourcesBuildPhase section */

/* Begin PBXTargetDependency section */
		D6B938FA24AB58EF00B617A9 /* PBXTargetDependency */ = {
			isa = PBXTargetDependency;
			target = D6B938DF24AB58ED00B617A9 /* 001--offscreenRendering */;
			targetProxy = D6B938F924AB58EF00B617A9 /* PBXContainerItemProxy */;
		};
		D6B9390524AB58EF00B617A9 /* PBXTargetDependency */ = {
			isa = PBXTargetDependency;
			target = D6B938DF24AB58ED00B617A9 /* 001--offscreenRendering */;
			targetProxy = D6B9390424AB58EF00B617A9 /* PBXContainerItemProxy */;
		};
/* End PBXTargetDependency section */

/* Begin PBXVariantGroup section */
		D6B938E924AB58ED00B617A9 /* Main.storyboard */ = {
			isa = PBXVariantGroup;
			children = (
				D6B938EA24AB58ED00B617A9 /* Base */,
			);
			name = Main.storyboard;
			sourceTree = "<group>";
		};
		D6B938EE24AB58EF00B617A9 /* LaunchScreen.storyboard */ = {
			isa = PBXVariantGroup;
			children = (
				D6B938EF24AB58EF00B617A9 /* Base */,
			);
			name = LaunchScreen.storyboard;
			sourceTree = "<group>";
		};
/* End PBXVariantGroup section */

/* Begin XCBuildConfiguration section */
		D6B9390A24AB58EF00B617A9 /* Debug */ = {
			isa = XCBuildConfiguration;
			buildSettings = {
				ALWAYS_SEARCH_USER_PATHS = NO;
				CLANG_ANALYZER_NONNULL = YES;
				CLANG_ANALYZER_NUMBER_OBJECT_CONVERSION = YES_AGGRESSIVE;
				CLANG_CXX_LANGUAGE_STANDARD = "gnu++14";
				CLANG_CXX_LIBRARY = "libc++";
				CLANG_ENABLE_MODULES = YES;
				CLANG_ENABLE_OBJC_ARC = YES;
				CLANG_ENABLE_OBJC_WEAK = YES;
				CLANG_WARN_BLOCK_CAPTURE_AUTORELEASING = YES;
				CLANG_WARN_BOOL_CONVERSION = YES;
				CLANG_WARN_COMMA = YES;
				CLANG_WARN_CONSTANT_CONVERSION = YES;
				CLANG_WARN_DEPRECATED_OBJC_IMPLEMENTATIONS = YES;
				CLANG_WARN_DIRECT_OBJC_ISA_USAGE = YES_ERROR;
				CLANG_WARN_DOCUMENTATION_COMMENTS = YES;
				CLANG_WARN_EMPTY_BODY = YES;
				CLANG_WARN_ENUM_CONVERSION = YES;
				CLANG_WARN_INFINITE_RECURSION = YES;
				CLANG_WARN_INT_CONVERSION = YES;
				CLANG_WARN_NON_LITERAL_NULL_CONVERSION = YES;
				CLANG_WARN_OBJC_IMPLICIT_RETAIN_SELF = YES;
				CLANG_WARN_OBJC_LITERAL_CONVERSION = YES;
				CLANG_WARN_OBJC_ROOT_CLASS = YES_ERROR;
				CLANG_WARN_RANGE_LOOP_ANALYSIS = YES;
				CLANG_WARN_STRICT_PROTOTYPES = YES;
				CLANG_WARN_SUSPICIOUS_MOVE = YES;
				CLANG_WARN_UNGUARDED_AVAILABILITY = YES_AGGRESSIVE;
				CLANG_WARN_UNREACHABLE_CODE = YES;
				CLANG_WARN__DUPLICATE_METHOD_MATCH = YES;
				CODE_SIGN_IDENTITY = "iPhone Developer";
				COPY_PHASE_STRIP = NO;
				DEBUG_INFORMATION_FORMAT = dwarf;
				ENABLE_STRICT_OBJC_MSGSEND = YES;
				ENABLE_TESTABILITY = YES;
				GCC_C_LANGUAGE_STANDARD = gnu11;
				GCC_DYNAMIC_NO_PIC = NO;
				GCC_NO_COMMON_BLOCKS = YES;
				GCC_OPTIMIZATION_LEVEL = 0;
				GCC_PREPROCESSOR_DEFINITIONS = (
					"DEBUG=1",
					"$(inherited)",
				);
				GCC_WARN_64_TO_32_BIT_CONVERSION = YES;
				GCC_WARN_ABOUT_RETURN_TYPE = YES_ERROR;
				GCC_WARN_UNDECLARED_SELECTOR = YES;
				GCC_WARN_UNINITIALIZED_AUTOS = YES_AGGRESSIVE;
				GCC_WARN_UNUSED_FUNCTION = YES;
				GCC_WARN_UNUSED_VARIABLE = YES;
				IPHONEOS_DEPLOYMENT_TARGET = 11.4;
				MTL_ENABLE_DEBUG_INFO = YES;
				ONLY_ACTIVE_ARCH = YES;
				SDKROOT = iphoneos;
			};
			name = Debug;
		};
		D6B9390B24AB58EF00B617A9 /* Release */ = {
			isa = XCBuildConfiguration;
			buildSettings = {
				ALWAYS_SEARCH_USER_PATHS = NO;
				CLANG_ANALYZER_NONNULL = YES;
				CLANG_ANALYZER_NUMBER_OBJECT_CONVERSION = YES_AGGRESSIVE;
				CLANG_CXX_LANGUAGE_STANDARD = "gnu++14";
				CLANG_CXX_LIBRARY = "libc++";
				CLANG_ENABLE_MODULES = YES;
				CLANG_ENABLE_OBJC_ARC = YES;
				CLANG_ENABLE_OBJC_WEAK = YES;
				CLANG_WARN_BLOCK_CAPTURE_AUTORELEASING = YES;
				CLANG_WARN_BOOL_CONVERSION = YES;
				CLANG_WARN_COMMA = YES;
				CLANG_WARN_CONSTANT_CONVERSION = YES;
				CLANG_WARN_DEPRECATED_OBJC_IMPLEMENTATIONS = YES;
				CLANG_WARN_DIRECT_OBJC_ISA_USAGE = YES_ERROR;
				CLANG_WARN_DOCUMENTATION_COMMENTS = YES;
				CLANG_WARN_EMPTY_BODY = YES;
				CLANG_WARN_ENUM_CONVERSION = YES;
				CLANG_WARN_INFINITE_RECURSION = YES;
				CLANG_WARN_INT_CONVERSION = YES;
				CLANG_WARN_NON_LITERAL_NULL_CONVERSION = YES;
				CLANG_WARN_OBJC_IMPLICIT_RETAIN_SELF = YES;
				CLANG_WARN_OBJC_LITERAL_CONVERSION = YES;
				CLANG_WARN_OBJC_ROOT_CLASS = YES_ERROR;
				CLANG_WARN_RANGE_LOOP_ANALYSIS = YES;
				CLANG_WARN_STRICT_PROTOTYPES = YES;
				CLANG_WARN_SUSPICIOUS_MOVE = YES;
				CLANG_WARN_UNGUARDED_AVAILABILITY = YES_AGGRESSIVE;
				CLANG_WARN_UNREACHABLE_CODE = YES;
				CLANG_WARN__DUPLICATE_METHOD_MATCH = YES;
				CODE_SIGN_IDENTITY = "iPhone Developer";
				COPY_PHASE_STRIP = NO;
				DEBUG_INFORMATION_FORMAT = "dwarf-with-dsym";
				ENABLE_NS_ASSERTIONS = NO;
				ENABLE_STRICT_OBJC_MSGSEND = YES;
				GCC_C_LANGUAGE_STANDARD = gnu11;
				GCC_NO_COMMON_BLOCKS = YES;
				GCC_WARN_64_TO_32_BIT_CONVERSION = YES;
				GCC_WARN_ABOUT_RETURN_TYPE = YES_ERROR;
				GCC_WARN_UNDECLARED_SELECTOR = YES;
				GCC_WARN_UNINITIALIZED_AUTOS = YES_AGGRESSIVE;
				GCC_WARN_UNUSED_FUNCTION = YES;
				GCC_WARN_UNUSED_VARIABLE = YES;
				IPHONEOS_DEPLOYMENT_TARGET = 11.4;
				MTL_ENABLE_DEBUG_INFO = NO;
				SDKROOT = iphoneos;
				VALIDATE_PRODUCT = YES;
			};
			name = Release;
		};
		D6B9390D24AB58EF00B617A9 /* Debug */ = {
			isa = XCBuildConfiguration;
			buildSettings = {
				ASSETCATALOG_COMPILER_APPICON_NAME = AppIcon;
				CODE_SIGN_STYLE = Automatic;
				INFOPLIST_FILE = "001--offscreenRendering/Info.plist";
				LD_RUNPATH_SEARCH_PATHS = (
					"$(inherited)",
					"@executable_path/Frameworks",
				);
				PRODUCT_BUNDLE_IDENTIFIER = "CC.-01--offscreenRendering";
				PRODUCT_NAME = "$(TARGET_NAME)";
				TARGETED_DEVICE_FAMILY = "1,2";
			};
			name = Debug;
		};
		D6B9390E24AB58EF00B617A9 /* Release */ = {
			isa = XCBuildConfiguration;
			buildSettings = {
				ASSETCATALOG_COMPILER_APPICON_NAME = AppIcon;
				CODE_SIGN_STYLE = Automatic;
				INFOPLIST_FILE = "001--offscreenRendering/Info.plist";
				LD_RUNPATH_SEARCH_PATHS = (
					"$(inherited)",
					"@executable_path/Frameworks",
				);
				PRODUCT_BUNDLE_IDENTIFIER = "CC.-01--offscreenRendering";
				PRODUCT_NAME = "$(TARGET_NAME)";
				TARGETED_DEVICE_FAMILY = "1,2";
			};
			name = Release;
		};
		D6B9391024AB58EF00B617A9 /* Debug */ = {
			isa = XCBuildConfiguration;
			buildSettings = {
				BUNDLE_LOADER = "$(TEST_HOST)";
				CODE_SIGN_STYLE = Automatic;
				INFOPLIST_FILE = "001--offscreenRenderingTests/Info.plist";
				LD_RUNPATH_SEARCH_PATHS = (
					"$(inherited)",
					"@executable_path/Frameworks",
					"@loader_path/Frameworks",
				);
				PRODUCT_BUNDLE_IDENTIFIER = "CC.-01--offscreenRenderingTests";
				PRODUCT_NAME = "$(TARGET_NAME)";
				TARGETED_DEVICE_FAMILY = "1,2";
				TEST_HOST = "$(BUILT_PRODUCTS_DIR)/001--offscreenRendering.app/001--offscreenRendering";
			};
			name = Debug;
		};
		D6B9391124AB58EF00B617A9 /* Release */ = {
			isa = XCBuildConfiguration;
			buildSettings = {
				BUNDLE_LOADER = "$(TEST_HOST)";
				CODE_SIGN_STYLE = Automatic;
				INFOPLIST_FILE = "001--offscreenRenderingTests/Info.plist";
				LD_RUNPATH_SEARCH_PATHS = (
					"$(inherited)",
					"@executable_path/Frameworks",
					"@loader_path/Frameworks",
				);
				PRODUCT_BUNDLE_IDENTIFIER = "CC.-01--offscreenRenderingTests";
				PRODUCT_NAME = "$(TARGET_NAME)";
				TARGETED_DEVICE_FAMILY = "1,2";
				TEST_HOST = "$(BUILT_PRODUCTS_DIR)/001--offscreenRendering.app/001--offscreenRendering";
			};
			name = Release;
		};
		D6B9391324AB58EF00B617A9 /* Debug */ = {
			isa = XCBuildConfiguration;
			buildSettings = {
				CODE_SIGN_STYLE = Automatic;
				INFOPLIST_FILE = "001--offscreenRenderingUITests/Info.plist";
				LD_RUNPATH_SEARCH_PATHS = (
					"$(inherited)",
					"@executable_path/Frameworks",
					"@loader_path/Frameworks",
				);
				PRODUCT_BUNDLE_IDENTIFIER = "CC.-01--offscreenRenderingUITests";
				PRODUCT_NAME = "$(TARGET_NAME)";
				TARGETED_DEVICE_FAMILY = "1,2";
				TEST_TARGET_NAME = "001--offscreenRendering";
			};
			name = Debug;
		};
		D6B9391424AB58EF00B617A9 /* Release */ = {
			isa = XCBuildConfiguration;
			buildSettings = {
				CODE_SIGN_STYLE = Automatic;
				INFOPLIST_FILE = "001--offscreenRenderingUITests/Info.plist";
				LD_RUNPATH_SEARCH_PATHS = (
					"$(inherited)",
					"@executable_path/Frameworks",
					"@loader_path/Frameworks",
				);
				PRODUCT_BUNDLE_IDENTIFIER = "CC.-01--offscreenRenderingUITests";
				PRODUCT_NAME = "$(TARGET_NAME)";
				TARGETED_DEVICE_FAMILY = "1,2";
				TEST_TARGET_NAME = "001--offscreenRendering";
			};
			name = Release;
		};
/* End XCBuildConfiguration section */

/* Begin XCConfigurationList section */
		D6B938DB24AB58EC00B617A9 /* Build configuration list for PBXProject "001--offscreenRendering" */ = {
			isa = XCConfigurationList;
			buildConfigurations = (
				D6B9390A24AB58EF00B617A9 /* Debug */,
				D6B9390B24AB58EF00B617A9 /* Release */,
			);
			defaultConfigurationIsVisible = 0;
			defaultConfigurationName = Release;
		};
		D6B9390C24AB58EF00B617A9 /* Build configuration list for PBXNativeTarget "001--offscreenRendering" */ = {
			isa = XCConfigurationList;
			buildConfigurations = (
				D6B9390D24AB58EF00B617A9 /* Debug */,
				D6B9390E24AB58EF00B617A9 /* Release */,
			);
			defaultConfigurationIsVisible = 0;
			defaultConfigurationName = Release;
		};
		D6B9390F24AB58EF00B617A9 /* Build configuration list for PBXNativeTarget "001--offscreenRenderingTests" */ = {
			isa = XCConfigurationList;
			buildConfigurations = (
				D6B9391024AB58EF00B617A9 /* Debug */,
				D6B9391124AB58EF00B617A9 /* Release */,
			);
			defaultConfigurationIsVisible = 0;
			defaultConfigurationName = Release;
		};
		D6B9391224AB58EF00B617A9 /* Build configuration list for PBXNativeTarget "001--offscreenRenderingUITests" */ = {
			isa = XCConfigurationList;
			buildConfigurations = (
				D6B9391324AB58EF00B617A9 /* Debug */,
				D6B9391424AB58EF00B617A9 /* Release */,
			);
			defaultConfigurationIsVisible = 0;
			defaultConfigurationName = Release;
		};
/* End XCConfigurationList section */
	};
	rootObject = D6B938D824AB58EC00B617A9 /* Project object */;
}
