// !$*UTF8*$!
{
	archiveVersion = 1;
	classes = {
	};
	objectVersion = 50;
	objects = {

/* Begin PBXBuildFile section */
		7A610D4920F5D45F000D6BB5 /* AppDelegate.m in Sources */ = {isa = PBXBuildFile; fileRef = 7A610D4820F5D45F000D6BB5 /* AppDelegate.m */; };
		7A610D4C20F5D45F000D6BB5 /* ViewController.m in Sources */ = {isa = PBXBuildFile; fileRef = 7A610D4B20F5D45F000D6BB5 /* ViewController.m */; };
		7A610D4F20F5D45F000D6BB5 /* Main.storyboard in Resources */ = {isa = PBXBuildFile; fileRef = 7A610D4D20F5D45F000D6BB5 /* Main.storyboard */; };
		7A610D5120F5D466000D6BB5 /* Assets.xcassets in Resources */ = {isa = PBXBuildFile; fileRef = 7A610D5020F5D466000D6BB5 /* Assets.xcassets */; };
		7A610D5420F5D466000D6BB5 /* LaunchScreen.storyboard in Resources */ = {isa = PBXBuildFile; fileRef = 7A610D5220F5D466000D6BB5 /* LaunchScreen.storyboard */; };
		7A610D5720F5D466000D6BB5 /* main.m in Sources */ = {isa = PBXBuildFile; fileRef = 7A610D5620F5D466000D6BB5 /* main.m */; };
/* End PBXBuildFile section */

/* Begin PBXFileReference section */
		7A610D4420F5D45F000D6BB5 /* 006---GCD最大并发数.app */ = {isa = PBXFileReference; explicitFileType = wrapper.application; includeInIndex = 0; path = "006---GCD最大并发数.app"; sourceTree = BUILT_PRODUCTS_DIR; };
		7A610D4720F5D45F000D6BB5 /* AppDelegate.h */ = {isa = PBXFileReference; lastKnownFileType = sourcecode.c.h; path = AppDelegate.h; sourceTree = "<group>"; };
		7A610D4820F5D45F000D6BB5 /* AppDelegate.m */ = {isa = PBXFileReference; lastKnownFileType = sourcecode.c.objc; path = AppDelegate.m; sourceTree = "<group>"; };
		7A610D4A20F5D45F000D6BB5 /* ViewController.h */ = {isa = PBXFileReference; lastKnownFileType = sourcecode.c.h; path = ViewController.h; sourceTree = "<group>"; };
		7A610D4B20F5D45F000D6BB5 /* ViewController.m */ = {isa = PBXFileReference; lastKnownFileType = sourcecode.c.objc; path = ViewController.m; sourceTree = "<group>"; };
		7A610D4E20F5D45F000D6BB5 /* Base */ = {isa = PBXFileReference; lastKnownFileType = file.storyboard; name = Base; path = Base.lproj/Main.storyboard; sourceTree = "<group>"; };
		7A610D5020F5D466000D6BB5 /* Assets.xcassets */ = {isa = PBXFileReference; lastKnownFileType = folder.assetcatalog; path = Assets.xcassets; sourceTree = "<group>"; };
		7A610D5320F5D466000D6BB5 /* Base */ = {isa = PBXFileReference; lastKnownFileType = file.storyboard; name = Base; path = Base.lproj/LaunchScreen.storyboard; sourceTree = "<group>"; };
		7A610D5520F5D466000D6BB5 /* Info.plist */ = {isa = PBXFileReference; lastKnownFileType = text.plist.xml; path = Info.plist; sourceTree = "<group>"; };
		7A610D5620F5D466000D6BB5 /* main.m */ = {isa = PBXFileReference; lastKnownFileType = sourcecode.c.objc; path = main.m; sourceTree = "<group>"; };
/* End PBXFileReference section */

/* Begin PBXFrameworksBuildPhase section */
		7A610D4120F5D45F000D6BB5 /* Frameworks */ = {
			isa = PBXFrameworksBuildPhase;
			buildActionMask = 2147483647;
			files = (
			);
			runOnlyForDeploymentPostprocessing = 0;
		};
/* End PBXFrameworksBuildPhase section */

/* Begin PBXGroup section */
		7A610D3B20F5D45F000D6BB5 = {
			isa = PBXGroup;
			children = (
				7A610D4620F5D45F000D6BB5 /* 006---GCD最大并发数 */,
				7A610D4520F5D45F000D6BB5 /* Products */,
			);
			sourceTree = "<group>";
		};
		7A610D4520F5D45F000D6BB5 /* Products */ = {
			isa = PBXGroup;
			children = (
				7A610D4420F5D45F000D6BB5 /* 006---GCD最大并发数.app */,
			);
			name = Products;
			sourceTree = "<group>";
		};
		7A610D4620F5D45F000D6BB5 /* 006---GCD最大并发数 */ = {
			isa = PBXGroup;
			children = (
				7A610D4720F5D45F000D6BB5 /* AppDelegate.h */,
				7A610D4820F5D45F000D6BB5 /* AppDelegate.m */,
				7A610D4A20F5D45F000D6BB5 /* ViewController.h */,
				7A610D4B20F5D45F000D6BB5 /* ViewController.m */,
				7A610D4D20F5D45F000D6BB5 /* Main.storyboard */,
				7A610D5020F5D466000D6BB5 /* Assets.xcassets */,
				7A610D5220F5D466000D6BB5 /* LaunchScreen.storyboard */,
				7A610D5520F5D466000D6BB5 /* Info.plist */,
				7A610D5620F5D466000D6BB5 /* main.m */,
			);
			path = "006---GCD最大并发数";
			sourceTree = "<group>";
		};
/* End PBXGroup section */

/* Begin PBXNativeTarget section */
		7A610D4320F5D45F000D6BB5 /* 006---GCD最大并发数 */ = {
			isa = PBXNativeTarget;
			buildConfigurationList = 7A610D5A20F5D466000D6BB5 /* Build configuration list for PBXNativeTarget "006---GCD最大并发数" */;
			buildPhases = (
				7A610D4020F5D45F000D6BB5 /* Sources */,
				7A610D4120F5D45F000D6BB5 /* Frameworks */,
				7A610D4220F5D45F000D6BB5 /* Resources */,
			);
			buildRules = (
			);
			dependencies = (
			);
			name = "006---GCD最大并发数";
			productName = "006---GCD最大并发数";
			productReference = 7A610D4420F5D45F000D6BB5 /* 006---GCD最大并发数.app */;
			productType = "com.apple.product-type.application";
		};
/* End PBXNativeTarget section */

/* Begin PBXProject section */
		7A610D3C20F5D45F000D6BB5 /* Project object */ = {
			isa = PBXProject;
			attributes = {
				LastUpgradeCheck = 0940;
				ORGANIZATIONNAME = Cooci;
				TargetAttributes = {
					7A610D4320F5D45F000D6BB5 = {
						CreatedOnToolsVersion = 9.4.1;
					};
				};
			};
			buildConfigurationList = 7A610D3F20F5D45F000D6BB5 /* Build configuration list for PBXProject "006---GCD最大并发数" */;
			compatibilityVersion = "Xcode 9.3";
			developmentRegion = en;
			hasScannedForEncodings = 0;
			knownRegions = (
				en,
				Base,
			);
			mainGroup = 7A610D3B20F5D45F000D6BB5;
			productRefGroup = 7A610D4520F5D45F000D6BB5 /* Products */;
			projectDirPath = "";
			projectRoot = "";
			targets = (
				7A610D4320F5D45F000D6BB5 /* 006---GCD最大并发数 */,
			);
		};
/* End PBXProject section */

/* Begin PBXResourcesBuildPhase section */
		7A610D4220F5D45F000D6BB5 /* Resources */ = {
			isa = PBXResourcesBuildPhase;
			buildActionMask = 2147483647;
			files = (
				7A610D5420F5D466000D6BB5 /* LaunchScreen.storyboard in Resources */,
				7A610D5120F5D466000D6BB5 /* Assets.xcassets in Resources */,
				7A610D4F20F5D45F000D6BB5 /* Main.storyboard in Resources */,
			);
			runOnlyForDeploymentPostprocessing = 0;
		};
/* End PBXResourcesBuildPhase section */

/* Begin PBXSourcesBuildPhase section */
		7A610D4020F5D45F000D6BB5 /* Sources */ = {
			isa = PBXSourcesBuildPhase;
			buildActionMask = 2147483647;
			files = (
				7A610D4C20F5D45F000D6BB5 /* ViewController.m in Sources */,
				7A610D5720F5D466000D6BB5 /* main.m in Sources */,
				7A610D4920F5D45F000D6BB5 /* AppDelegate.m in Sources */,
			);
			runOnlyForDeploymentPostprocessing = 0;
		};
/* End PBXSourcesBuildPhase section */

/* Begin PBXVariantGroup section */
		7A610D4D20F5D45F000D6BB5 /* Main.storyboard */ = {
			isa = PBXVariantGroup;
			children = (
				7A610D4E20F5D45F000D6BB5 /* Base */,
			);
			name = Main.storyboard;
			sourceTree = "<group>";
		};
		7A610D5220F5D466000D6BB5 /* LaunchScreen.storyboard */ = {
			isa = PBXVariantGroup;
			children = (
				7A610D5320F5D466000D6BB5 /* Base */,
			);
			name = LaunchScreen.storyboard;
			sourceTree = "<group>";
		};
/* End PBXVariantGroup section */

/* Begin XCBuildConfiguration section */
		7A610D5820F5D466000D6BB5 /* Debug */ = {
			isa = XCBuildConfiguration;
			buildSettings = {
				ALWAYS_SEARCH_USER_PATHS = NO;
				CLANG_ANALYZER_NONNULL = YES;
				CLANG_ANALYZER_NUMBER_OBJECT_CONVERSION = YES_AGGRESSIVE;
				CLANG_CXX_LANGUAGE_STANDARD = "gnu++14";
				CLANG_CXX_LIBRARY = "libc++";
				CLANG_ENABLE_MODULES = YES;
				CLANG_ENABLE_OBJC_ARC = YES;
				CLANG_ENABLE_OBJC_WEAK = YES;
				CLANG_WARN_BLOCK_CAPTURE_AUTORELEASING = YES;
				CLANG_WARN_BOOL_CONVERSION = YES;
				CLANG_WARN_COMMA = YES;
				CLANG_WARN_CONSTANT_CONVERSION = YES;
				CLANG_WARN_DEPRECATED_OBJC_IMPLEMENTATIONS = YES;
				CLANG_WARN_DIRECT_OBJC_ISA_USAGE = YES_ERROR;
				CLANG_WARN_DOCUMENTATION_COMMENTS = YES;
				CLANG_WARN_EMPTY_BODY = YES;
				CLANG_WARN_ENUM_CONVERSION = YES;
				CLANG_WARN_INFINITE_RECURSION = YES;
				CLANG_WARN_INT_CONVERSION = YES;
				CLANG_WARN_NON_LITERAL_NULL_CONVERSION = YES;
				CLANG_WARN_OBJC_IMPLICIT_RETAIN_SELF = YES;
				CLANG_WARN_OBJC_LITERAL_CONVERSION = YES;
				CLANG_WARN_OBJC_ROOT_CLASS = YES_ERROR;
				CLANG_WARN_RANGE_LOOP_ANALYSIS = YES;
				CLANG_WARN_STRICT_PROTOTYPES = YES;
				CLANG_WARN_SUSPICIOUS_MOVE = YES;
				CLANG_WARN_UNGUARDED_AVAILABILITY = YES_AGGRESSIVE;
				CLANG_WARN_UNREACHABLE_CODE = YES;
				CLANG_WARN__DUPLICATE_METHOD_MATCH = YES;
				CODE_SIGN_IDENTITY = "iPhone Developer";
				COPY_PHASE_STRIP = NO;
				DEBUG_INFORMATION_FORMAT = dwarf;
				ENABLE_STRICT_OBJC_MSGSEND = YES;
				ENABLE_TESTABILITY = YES;
				GCC_C_LANGUAGE_STANDARD = gnu11;
				GCC_DYNAMIC_NO_PIC = NO;
				GCC_NO_COMMON_BLOCKS = YES;
				GCC_OPTIMIZATION_LEVEL = 0;
				GCC_PREPROCESSOR_DEFINITIONS = (
					"DEBUG=1",
					"$(inherited)",
				);
				GCC_WARN_64_TO_32_BIT_CONVERSION = YES;
				GCC_WARN_ABOUT_RETURN_TYPE = YES_ERROR;
				GCC_WARN_UNDECLARED_SELECTOR = YES;
				GCC_WARN_UNINITIALIZED_AUTOS = YES_AGGRESSIVE;
				GCC_WARN_UNUSED_FUNCTION = YES;
				GCC_WARN_UNUSED_VARIABLE = YES;
				IPHONEOS_DEPLOYMENT_TARGET = 11.4;
				MTL_ENABLE_DEBUG_INFO = YES;
				ONLY_ACTIVE_ARCH = YES;
				SDKROOT = iphoneos;
			};
			name = Debug;
		};
		7A610D5920F5D466000D6BB5 /* Release */ = {
			isa = XCBuildConfiguration;
			buildSettings = {
				ALWAYS_SEARCH_USER_PATHS = NO;
				CLANG_ANALYZER_NONNULL = YES;
				CLANG_ANALYZER_NUMBER_OBJECT_CONVERSION = YES_AGGRESSIVE;
				CLANG_CXX_LANGUAGE_STANDARD = "gnu++14";
				CLANG_CXX_LIBRARY = "libc++";
				CLANG_ENABLE_MODULES = YES;
				CLANG_ENABLE_OBJC_ARC = YES;
				CLANG_ENABLE_OBJC_WEAK = YES;
				CLANG_WARN_BLOCK_CAPTURE_AUTORELEASING = YES;
				CLANG_WARN_BOOL_CONVERSION = YES;
				CLANG_WARN_COMMA = YES;
				CLANG_WARN_CONSTANT_CONVERSION = YES;
				CLANG_WARN_DEPRECATED_OBJC_IMPLEMENTATIONS = YES;
				CLANG_WARN_DIRECT_OBJC_ISA_USAGE = YES_ERROR;
				CLANG_WARN_DOCUMENTATION_COMMENTS = YES;
				CLANG_WARN_EMPTY_BODY = YES;
				CLANG_WARN_ENUM_CONVERSION = YES;
				CLANG_WARN_INFINITE_RECURSION = YES;
				CLANG_WARN_INT_CONVERSION = YES;
				CLANG_WARN_NON_LITERAL_NULL_CONVERSION = YES;
				CLANG_WARN_OBJC_IMPLICIT_RETAIN_SELF = YES;
				CLANG_WARN_OBJC_LITERAL_CONVERSION = YES;
				CLANG_WARN_OBJC_ROOT_CLASS = YES_ERROR;
				CLANG_WARN_RANGE_LOOP_ANALYSIS = YES;
				CLANG_WARN_STRICT_PROTOTYPES = YES;
				CLANG_WARN_SUSPICIOUS_MOVE = YES;
				CLANG_WARN_UNGUARDED_AVAILABILITY = YES_AGGRESSIVE;
				CLANG_WARN_UNREACHABLE_CODE = YES;
				CLANG_WARN__DUPLICATE_METHOD_MATCH = YES;
				CODE_SIGN_IDENTITY = "iPhone Developer";
				COPY_PHASE_STRIP = NO;
				DEBUG_INFORMATION_FORMAT = "dwarf-with-dsym";
				ENABLE_NS_ASSERTIONS = NO;
				ENABLE_STRICT_OBJC_MSGSEND = YES;
				GCC_C_LANGUAGE_STANDARD = gnu11;
				GCC_NO_COMMON_BLOCKS = YES;
				GCC_WARN_64_TO_32_BIT_CONVERSION = YES;
				GCC_WARN_ABOUT_RETURN_TYPE = YES_ERROR;
				GCC_WARN_UNDECLARED_SELECTOR = YES;
				GCC_WARN_UNINITIALIZED_AUTOS = YES_AGGRESSIVE;
				GCC_WARN_UNUSED_FUNCTION = YES;
				GCC_WARN_UNUSED_VARIABLE = YES;
				IPHONEOS_DEPLOYMENT_TARGET = 11.4;
				MTL_ENABLE_DEBUG_INFO = NO;
				SDKROOT = iphoneos;
				VALIDATE_PRODUCT = YES;
			};
			name = Release;
		};
		7A610D5B20F5D466000D6BB5 /* Debug */ = {
			isa = XCBuildConfiguration;
			buildSettings = {
				ASSETCATALOG_COMPILER_APPICON_NAME = AppIcon;
				CODE_SIGN_STYLE = Automatic;
				DEVELOPMENT_TEAM = U5LAHK8PW6;
				INFOPLIST_FILE = "006---GCD最大并发数/Info.plist";
				LD_RUNPATH_SEARCH_PATHS = (
					"$(inherited)",
					"@executable_path/Frameworks",
				);
				PRODUCT_BUNDLE_IDENTIFIER = "com.tz.cn.-06---GCD-----";
				PRODUCT_NAME = "$(TARGET_NAME)";
				TARGETED_DEVICE_FAMILY = "1,2";
			};
			name = Debug;
		};
		7A610D5C20F5D466000D6BB5 /* Release */ = {
			isa = XCBuildConfiguration;
			buildSettings = {
				ASSETCATALOG_COMPILER_APPICON_NAME = AppIcon;
				CODE_SIGN_STYLE = Automatic;
				DEVELOPMENT_TEAM = U5LAHK8PW6;
				INFOPLIST_FILE = "006---GCD最大并发数/Info.plist";
				LD_RUNPATH_SEARCH_PATHS = (
					"$(inherited)",
					"@executable_path/Frameworks",
				);
				PRODUCT_BUNDLE_IDENTIFIER = "com.tz.cn.-06---GCD-----";
				PRODUCT_NAME = "$(TARGET_NAME)";
				TARGETED_DEVICE_FAMILY = "1,2";
			};
			name = Release;
		};
/* End XCBuildConfiguration section */

/* Begin XCConfigurationList section */
		7A610D3F20F5D45F000D6BB5 /* Build configuration list for PBXProject "006---GCD最大并发数" */ = {
			isa = XCConfigurationList;
			buildConfigurations = (
				7A610D5820F5D466000D6BB5 /* Debug */,
				7A610D5920F5D466000D6BB5 /* Release */,
			);
			defaultConfigurationIsVisible = 0;
			defaultConfigurationName = Release;
		};
		7A610D5A20F5D466000D6BB5 /* Build configuration list for PBXNativeTarget "006---GCD最大并发数" */ = {
			isa = XCConfigurationList;
			buildConfigurations = (
				7A610D5B20F5D466000D6BB5 /* Debug */,
				7A610D5C20F5D466000D6BB5 /* Release */,
			);
			defaultConfigurationIsVisible = 0;
			defaultConfigurationName = Release;
		};
/* End XCConfigurationList section */
	};
	rootObject = 7A610D3C20F5D45F000D6BB5 /* Project object */;
}
